// !$*UTF8*$!
{
	archiveVersion = 1;
	classes = {
	};
	objectVersion = 45;
	objects = {

/* Begin PBXAggregateTarget section */
		344672C211C173D40014C522 /* Preference Pane + Helper */ = {
			isa = PBXAggregateTarget;
			buildConfigurationList = 344672CF11C1742F0014C522 /* Build configuration list for PBXAggregateTarget "Preference Pane + Helper" */;
			buildPhases = (
			);
			dependencies = (
				344672CE11C173F50014C522 /* PBXTargetDependency */,
				344672CC11C173F50014C522 /* PBXTargetDependency */,
			);
			name = "Preference Pane + Helper";
			productName = "Preference Pane + Helper";
		};
/* End PBXAggregateTarget section */

/* Begin PBXBuildFile section */
		340181001194BF5800FB0E39 /* bannerArtPlaceholder.jpg in Resources */ = {isa = PBXBuildFile; fileRef = 340180FF1194BF5800FB0E39 /* bannerArtPlaceholder.jpg */; };
		340A20B111AF0E15004351EB /* posterArtPlaceholder.jpg in Resources */ = {isa = PBXBuildFile; fileRef = 340A20B011AF0E15004351EB /* posterArtPlaceholder.jpg */; };
		340F15FB118FEBDE00A1BD00 /* SUUpdaterSubclass.m in Sources */ = {isa = PBXBuildFile; fileRef = 340F15F9118FEBDE00A1BD00 /* SUUpdaterSubclass.m */; };
		3419982911A07913003768D5 /* WebsiteFunctions.m in Sources */ = {isa = PBXBuildFile; fileRef = 3419982711A07913003768D5 /* WebsiteFunctions.m */; };
		3422ECEA118B3D7D0061E2E2 /* PreferencesController.m in Sources */ = {isa = PBXBuildFile; fileRef = 3422ECE8118B3D7D0061E2E2 /* PreferencesController.m */; };
		342A32F711AA4C6200C433CD /* Cache.xcdatamodel in Sources */ = {isa = PBXBuildFile; fileRef = 342A32F611AA4C6200C433CD /* Cache.xcdatamodel */; };
		342A32FB11AA4C8C00C433CD /* CacheDelegate.m in Sources */ = {isa = PBXBuildFile; fileRef = 342A32F911AA4C8C00C433CD /* CacheDelegate.m */; };
		343BF4CE1183DB3C008CE71D /* RSS-Large.png in Resources */ = {isa = PBXBuildFile; fileRef = 34EB966F118384DB005825C1 /* RSS-Large.png */; };
		3446722911C155690014C522 /* TVShowsHelper.m in Sources */ = {isa = PBXBuildFile; fileRef = 3446722811C155690014C522 /* TVShowsHelper.m */; };
		3446726A11C167560014C522 /* TVShowsHelper.xib in Resources */ = {isa = PBXBuildFile; fileRef = 3446726811C167560014C522 /* TVShowsHelper.xib */; };
		344AFA3011A4C58D00D9C4E9 /* ESiTunesScroller.m in Sources */ = {isa = PBXBuildFile; fileRef = 344AFA2C11A4C58D00D9C4E9 /* ESiTunesScroller.m */; };
		344AFA3211A4C58D00D9C4E9 /* ESScroller.m in Sources */ = {isa = PBXBuildFile; fileRef = 344AFA2E11A4C58D00D9C4E9 /* ESScroller.m */; };
		344AFA8611A4D19C00D9C4E9 /* ESScrollView.m in Sources */ = {isa = PBXBuildFile; fileRef = 344AFA8411A4D19C00D9C4E9 /* ESScrollView.m */; };
		345BE414119344E10016EA2D /* InfoPlist.strings in Resources */ = {isa = PBXBuildFile; fileRef = 345BE411119344E10016EA2D /* InfoPlist.strings */; };
		345BE41A119344F10016EA2D /* JRFeedbackProvider.strings in Resources */ = {isa = PBXBuildFile; fileRef = 345BE417119344F10016EA2D /* JRFeedbackProvider.strings */; };
		3471BB8911ACDF8700A65728 /* TSUserDefaults.m in Sources */ = {isa = PBXBuildFile; fileRef = 3471BB8711ACDF8700A65728 /* TSUserDefaults.m */; };
		3473849E11907678003DFFA0 /* Sparkle.framework in Frameworks */ = {isa = PBXBuildFile; fileRef = 3473845E119074C8003DFFA0 /* Sparkle.framework */; };
		3473849F1190767A003DFFA0 /* Sparkle.framework in Copy Linked Libraries */ = {isa = PBXBuildFile; fileRef = 3473845E119074C8003DFFA0 /* Sparkle.framework */; };
		34785D07119B9CE200A28449 /* Credits.rtf in Resources */ = {isa = PBXBuildFile; fileRef = 34785D04119B9CE200A28449 /* Credits.rtf */; };
		347AFB161191157700393565 /* JRFeedbackController.m in Sources */ = {isa = PBXBuildFile; fileRef = 347AFB121191157700393565 /* JRFeedbackController.m */; };
		347AFB181191157700393565 /* NSURLRequestPostForm.m in Sources */ = {isa = PBXBuildFile; fileRef = 347AFB141191157700393565 /* NSURLRequestPostForm.m */; };
		347AFB22119115A800393565 /* JRFeedbackProvider.xib in Resources */ = {isa = PBXBuildFile; fileRef = 347AFB1F119115A800393565 /* JRFeedbackProvider.xib */; };
		347AFBD51191206700393565 /* AddressBook.framework in Frameworks */ = {isa = PBXBuildFile; fileRef = 347AFBD41191206700393565 /* AddressBook.framework */; };
		347AFBD91191207300393565 /* SystemConfiguration.framework in Frameworks */ = {isa = PBXBuildFile; fileRef = 347AFBD81191207300393565 /* SystemConfiguration.framework */; };
		347F1E6311A9FA6C005A40AA /* Subscriptions.xcdatamodel in Sources */ = {isa = PBXBuildFile; fileRef = 347F1E6111A9FA6C005A40AA /* Subscriptions.xcdatamodel */; };
		347F1E6511A9FA96005A40AA /* PresetShows.xcdatamodel in Sources */ = {isa = PBXBuildFile; fileRef = 347F1E6411A9FA96005A40AA /* PresetShows.xcdatamodel */; };
		347F1E6911AA090D005A40AA /* PresetShowsDelegate.m in Sources */ = {isa = PBXBuildFile; fileRef = 347F1E6711AA090D005A40AA /* PresetShowsDelegate.m */; };
		347F1E6D11AA093C005A40AA /* PresetTorrentsController.m in Sources */ = {isa = PBXBuildFile; fileRef = 347F1E6B11AA093C005A40AA /* PresetTorrentsController.m */; };
		34908BD1119B9C1C00BDFC01 /* SUPublicDSAKey.pem in Resources */ = {isa = PBXBuildFile; fileRef = 34908BD0119B9C1C00BDFC01 /* SUPublicDSAKey.pem */; };
		349F2F8311B2E7DB00D10D96 /* NSDate_FeedParserExtensions.m in Sources */ = {isa = PBXBuildFile; fileRef = 349F2F6511B2E7DB00D10D96 /* NSDate_FeedParserExtensions.m */; };
		349F2F8511B2E7DB00D10D96 /* NSString_extensions.m in Sources */ = {isa = PBXBuildFile; fileRef = 349F2F6711B2E7DB00D10D96 /* NSString_extensions.m */; };
		349F2F8811B2E7DB00D10D96 /* FPEnclosure.m in Sources */ = {isa = PBXBuildFile; fileRef = 349F2F6A11B2E7DB00D10D96 /* FPEnclosure.m */; };
		349F2F8B11B2E7DB00D10D96 /* FPFeed.m in Sources */ = {isa = PBXBuildFile; fileRef = 349F2F6D11B2E7DB00D10D96 /* FPFeed.m */; };
		349F2F8D11B2E7DB00D10D96 /* FPItem.m in Sources */ = {isa = PBXBuildFile; fileRef = 349F2F6F11B2E7DB00D10D96 /* FPItem.m */; };
		349F2F8F11B2E7DB00D10D96 /* FPLink.m in Sources */ = {isa = PBXBuildFile; fileRef = 349F2F7111B2E7DB00D10D96 /* FPLink.m */; };
		349F2F9111B2E7DB00D10D96 /* FPParser.m in Sources */ = {isa = PBXBuildFile; fileRef = 349F2F7311B2E7DB00D10D96 /* FPParser.m */; };
		349F2F9411B2E7DB00D10D96 /* FPXMLPair.m in Sources */ = {isa = PBXBuildFile; fileRef = 349F2F7711B2E7DB00D10D96 /* FPXMLPair.m */; };
		349F2F9611B2E7DB00D10D96 /* FPXMLParser.m in Sources */ = {isa = PBXBuildFile; fileRef = 349F2F7911B2E7DB00D10D96 /* FPXMLParser.m */; };
		349F2F9911B2E7DB00D10D96 /* FPExtensionElementNode.m in Sources */ = {isa = PBXBuildFile; fileRef = 349F2F7D11B2E7DB00D10D96 /* FPExtensionElementNode.m */; };
		349F2F9B11B2E7DB00D10D96 /* FPExtensionNode.m in Sources */ = {isa = PBXBuildFile; fileRef = 349F2F7F11B2E7DB00D10D96 /* FPExtensionNode.m */; };
		349F2F9D11B2E7DB00D10D96 /* FPExtensionTextNode.m in Sources */ = {isa = PBXBuildFile; fileRef = 349F2F8111B2E7DB00D10D96 /* FPExtensionTextNode.m */; };
		349FEE091183590500D24FC9 /* TVShows-Beta-Large.icns in Resources */ = {isa = PBXBuildFile; fileRef = 349FEE031183590500D24FC9 /* TVShows-Beta-Large.icns */; };
		349FEE0A1183590500D24FC9 /* TVShows-Beta.png in Resources */ = {isa = PBXBuildFile; fileRef = 349FEE041183590500D24FC9 /* TVShows-Beta.png */; };
		349FEE0B1183590500D24FC9 /* TVShows-Off-Large.icns in Resources */ = {isa = PBXBuildFile; fileRef = 349FEE051183590500D24FC9 /* TVShows-Off-Large.icns */; };
		349FEE0C1183590500D24FC9 /* TVShows-Off.png in Resources */ = {isa = PBXBuildFile; fileRef = 349FEE061183590500D24FC9 /* TVShows-Off.png */; };
		349FEE0D1183590500D24FC9 /* TVShows-On-Large.icns in Resources */ = {isa = PBXBuildFile; fileRef = 349FEE071183590500D24FC9 /* TVShows-On-Large.icns */; };
		349FEE0E1183590500D24FC9 /* TVShows-On.png in Resources */ = {isa = PBXBuildFile; fileRef = 349FEE081183590500D24FC9 /* TVShows-On.png */; };
		349FEE181183597500D24FC9 /* TVShowsPref.m in Sources */ = {isa = PBXBuildFile; fileRef = 349FEE161183597500D24FC9 /* TVShowsPref.m */; };
		349FEEC211835A1C00D24FC9 /* TabController.m in Sources */ = {isa = PBXBuildFile; fileRef = 349FEEC011835A1C00D24FC9 /* TabController.m */; };
		34A9183C119E09AF004B339D /* BWToolkitFramework.framework in Frameworks */ = {isa = PBXBuildFile; fileRef = 34A9183B119E09AF004B339D /* BWToolkitFramework.framework */; };
		34A9186D119E09B6004B339D /* BWToolkitFramework.framework in Copy Linked Libraries */ = {isa = PBXBuildFile; fileRef = 34A9183B119E09AF004B339D /* BWToolkitFramework.framework */; };
		34A91884119E2C85004B339D /* libicucore.dylib in Frameworks */ = {isa = PBXBuildFile; fileRef = 34A91883119E2C85004B339D /* libicucore.dylib */; };
		34A91895119E2F83004B339D /* RegexKitLite.m in Sources */ = {isa = PBXBuildFile; fileRef = 34A91893119E2F83004B339D /* RegexKitLite.m */; };
		34C5B58B11BB3BFE00AAE681 /* TSRegexFun.m in Sources */ = {isa = PBXBuildFile; fileRef = 34C5B58911BB3BFE00AAE681 /* TSRegexFun.m */; };
		34C5B59111BB3C1500AAE681 /* TSParseXMLFeeds.m in Sources */ = {isa = PBXBuildFile; fileRef = 34C5B58F11BB3C1500AAE681 /* TSParseXMLFeeds.m */; };
		34D8D1C311AB5C63006382C3 /* CustomRSSController.m in Sources */ = {isa = PBXBuildFile; fileRef = 34D8D1C111AB5C63006382C3 /* CustomRSSController.m */; };
		34EB966E11838131005825C1 /* showRSS.png in Resources */ = {isa = PBXBuildFile; fileRef = 34EB966D11838131005825C1 /* showRSS.png */; };
		34EB967F118389FC005825C1 /* NZB.png in Resources */ = {isa = PBXBuildFile; fileRef = 34EB967E118389FC005825C1 /* NZB.png */; };
		34EBF4F211A8501A00962FE5 /* SubscriptionsDelegate.m in Sources */ = {isa = PBXBuildFile; fileRef = 34EBF4F011A8501A00962FE5 /* SubscriptionsDelegate.m */; };
		34EC6ABC11A312AD00BD660A /* TVShowsPref.xib in Resources */ = {isa = PBXBuildFile; fileRef = 34EC6AB811A312AD00BD660A /* TVShowsPref.xib */; };
		34EC6DCD11CDA4F8001AEF04 /* PresetShows.xcdatamodel in Sources */ = {isa = PBXBuildFile; fileRef = 347F1E6411A9FA96005A40AA /* PresetShows.xcdatamodel */; };
		34FBC5F411C0B451005D290B /* TVShowsHelper.app in Resources */ = {isa = PBXBuildFile; fileRef = 34FBC5E111C0B3C2005D290B /* TVShowsHelper.app */; };
		34FBC5F611C0B47F005D290B /* Cache.xcdatamodel in Sources */ = {isa = PBXBuildFile; fileRef = 342A32F611AA4C6200C433CD /* Cache.xcdatamodel */; };
		34FBC5F711C0B480005D290B /* CacheDelegate.m in Sources */ = {isa = PBXBuildFile; fileRef = 342A32F911AA4C8C00C433CD /* CacheDelegate.m */; };
		34FBC5F811C0B495005D290B /* Cocoa.framework in Frameworks */ = {isa = PBXBuildFile; fileRef = 1058C7ADFEA557BF11CA2CBB /* Cocoa.framework */; };
		34FBC5F911C0B49B005D290B /* FPEnclosure.m in Sources */ = {isa = PBXBuildFile; fileRef = 349F2F6A11B2E7DB00D10D96 /* FPEnclosure.m */; };
		34FBC5FA11C0B49C005D290B /* FPExtensionElementNode.m in Sources */ = {isa = PBXBuildFile; fileRef = 349F2F7D11B2E7DB00D10D96 /* FPExtensionElementNode.m */; };
		34FBC5FB11C0B49D005D290B /* FPExtensionNode.m in Sources */ = {isa = PBXBuildFile; fileRef = 349F2F7F11B2E7DB00D10D96 /* FPExtensionNode.m */; };
		34FBC5FC11C0B49D005D290B /* FPExtensionTextNode.m in Sources */ = {isa = PBXBuildFile; fileRef = 349F2F8111B2E7DB00D10D96 /* FPExtensionTextNode.m */; };
		34FBC5FD11C0B4A4005D290B /* FPFeed.m in Sources */ = {isa = PBXBuildFile; fileRef = 349F2F6D11B2E7DB00D10D96 /* FPFeed.m */; };
		34FBC5FE11C0B4A5005D290B /* FPItem.m in Sources */ = {isa = PBXBuildFile; fileRef = 349F2F6F11B2E7DB00D10D96 /* FPItem.m */; };
		34FBC5FF11C0B4A6005D290B /* FPLink.m in Sources */ = {isa = PBXBuildFile; fileRef = 349F2F7111B2E7DB00D10D96 /* FPLink.m */; };
		34FBC60011C0B4A7005D290B /* FPParser.m in Sources */ = {isa = PBXBuildFile; fileRef = 349F2F7311B2E7DB00D10D96 /* FPParser.m */; };
		34FBC60111C0B4A8005D290B /* FPXMLPair.m in Sources */ = {isa = PBXBuildFile; fileRef = 349F2F7711B2E7DB00D10D96 /* FPXMLPair.m */; };
		34FBC60211C0B4A9005D290B /* FPXMLParser.m in Sources */ = {isa = PBXBuildFile; fileRef = 349F2F7911B2E7DB00D10D96 /* FPXMLParser.m */; };
		34FBC60411C0B4B5005D290B /* NSDate_FeedParserExtensions.m in Sources */ = {isa = PBXBuildFile; fileRef = 349F2F6511B2E7DB00D10D96 /* NSDate_FeedParserExtensions.m */; };
		34FBC60511C0B4B7005D290B /* NSString_extensions.m in Sources */ = {isa = PBXBuildFile; fileRef = 349F2F6711B2E7DB00D10D96 /* NSString_extensions.m */; };
		34FBC60711C0B4BD005D290B /* PreferencesController.m in Sources */ = {isa = PBXBuildFile; fileRef = 3422ECE8118B3D7D0061E2E2 /* PreferencesController.m */; };
		34FBC60811C0B4C1005D290B /* RegexKitLite.m in Sources */ = {isa = PBXBuildFile; fileRef = 34A91893119E2F83004B339D /* RegexKitLite.m */; };
		34FBC60911C0B4C6005D290B /* Subscriptions.xcdatamodel in Sources */ = {isa = PBXBuildFile; fileRef = 347F1E6111A9FA6C005A40AA /* Subscriptions.xcdatamodel */; };
		34FBC60A11C0B4D0005D290B /* SubscriptionsDelegate.m in Sources */ = {isa = PBXBuildFile; fileRef = 34EBF4F011A8501A00962FE5 /* SubscriptionsDelegate.m */; };
		34FBC60B11C0B4D0005D290B /* SUPublicDSAKey.pem in Resources */ = {isa = PBXBuildFile; fileRef = 34908BD0119B9C1C00BDFC01 /* SUPublicDSAKey.pem */; };
		34FBC60D11C0B4D6005D290B /* SystemConfiguration.framework in Frameworks */ = {isa = PBXBuildFile; fileRef = 347AFBD81191207300393565 /* SystemConfiguration.framework */; };
		34FBC60E11C0B4DA005D290B /* TSParseXMLFeeds.m in Sources */ = {isa = PBXBuildFile; fileRef = 34C5B58F11BB3C1500AAE681 /* TSParseXMLFeeds.m */; };
		34FBC60F11C0B4DB005D290B /* TSRegexFun.m in Sources */ = {isa = PBXBuildFile; fileRef = 34C5B58911BB3BFE00AAE681 /* TSRegexFun.m */; };
		34FBC61011C0B4DD005D290B /* TSUserDefaults.m in Sources */ = {isa = PBXBuildFile; fileRef = 3471BB8711ACDF8700A65728 /* TSUserDefaults.m */; };
		34FBC61111C0B4EF005D290B /* WebsiteFunctions.m in Sources */ = {isa = PBXBuildFile; fileRef = 3419982711A07913003768D5 /* WebsiteFunctions.m */; };
		34FBC61F11C0B526005D290B /* libicucore.dylib in Frameworks */ = {isa = PBXBuildFile; fileRef = 34A91883119E2C85004B339D /* libicucore.dylib */; };
		34FBC62E11C0B567005D290B /* main.m in Sources */ = {isa = PBXBuildFile; fileRef = 34FBC62D11C0B567005D290B /* main.m */; };
		34FBC64211C0B601005D290B /* Sparkle.framework in Copy Linked Libraries */ = {isa = PBXBuildFile; fileRef = 3473845E119074C8003DFFA0 /* Sparkle.framework */; };
		34FBC69511C0B7CE005D290B /* SUUpdaterSubclass.m in Sources */ = {isa = PBXBuildFile; fileRef = 340F15F9118FEBDE00A1BD00 /* SUUpdaterSubclass.m */; };
		34FBC69B11C0B804005D290B /* Sparkle.framework in Frameworks */ = {isa = PBXBuildFile; fileRef = 3473845E119074C8003DFFA0 /* Sparkle.framework */; };
		8D202CF30486D31800D8A456 /* Cocoa.framework in Frameworks */ = {isa = PBXBuildFile; fileRef = 1058C7ADFEA557BF11CA2CBB /* Cocoa.framework */; };
		8D202CF40486D31800D8A456 /* PreferencePanes.framework in Frameworks */ = {isa = PBXBuildFile; fileRef = F506C035013D953901CA16C8 /* PreferencePanes.framework */; };
/* End PBXBuildFile section */

/* Begin PBXContainerItemProxy section */
		344672CB11C173F50014C522 /* PBXContainerItemProxy */ = {
			isa = PBXContainerItemProxy;
			containerPortal = 089C1669FE841209C02AAC07 /* Project object */;
			proxyType = 1;
			remoteGlobalIDString = 8D202CE80486D31800D8A456;
			remoteInfo = TVShows;
		};
		344672CD11C173F50014C522 /* PBXContainerItemProxy */ = {
			isa = PBXContainerItemProxy;
			containerPortal = 089C1669FE841209C02AAC07 /* Project object */;
			proxyType = 1;
			remoteGlobalIDString = 34FBC5E011C0B3C2005D290B;
			remoteInfo = TVShowsHelper;
		};
/* End PBXContainerItemProxy section */

/* Begin PBXCopyFilesBuildPhase section */
		340799BF11868C1000291D97 /* Copy Linked Libraries */ = {
			isa = PBXCopyFilesBuildPhase;
			buildActionMask = 2147483647;
			dstPath = "";
			dstSubfolderSpec = 10;
			files = (
				34A9186D119E09B6004B339D /* BWToolkitFramework.framework in Copy Linked Libraries */,
				3473849F1190767A003DFFA0 /* Sparkle.framework in Copy Linked Libraries */,
			);
			name = "Copy Linked Libraries";
			runOnlyForDeploymentPostprocessing = 0;
		};
		34FBC61411C0B50D005D290B /* Copy Linked Libraries */ = {
			isa = PBXCopyFilesBuildPhase;
			buildActionMask = 2147483647;
			dstPath = "";
			dstSubfolderSpec = 10;
			files = (
				34FBC64211C0B601005D290B /* Sparkle.framework in Copy Linked Libraries */,
			);
			name = "Copy Linked Libraries";
			runOnlyForDeploymentPostprocessing = 0;
		};
/* End PBXCopyFilesBuildPhase section */

/* Begin PBXFileReference section */
		089C1672FE841209C02AAC07 /* Foundation.framework */ = {isa = PBXFileReference; lastKnownFileType = wrapper.framework; name = Foundation.framework; path = /System/Library/Frameworks/Foundation.framework; sourceTree = "<absolute>"; };
		089C167FFE841241C02AAC07 /* AppKit.framework */ = {isa = PBXFileReference; lastKnownFileType = wrapper.framework; name = AppKit.framework; path = /System/Library/Frameworks/AppKit.framework; sourceTree = "<absolute>"; };
		1058C7ADFEA557BF11CA2CBB /* Cocoa.framework */ = {isa = PBXFileReference; lastKnownFileType = wrapper.framework; name = Cocoa.framework; path = /System/Library/Frameworks/Cocoa.framework; sourceTree = "<absolute>"; };
		340180FF1194BF5800FB0E39 /* bannerArtPlaceholder.jpg */ = {isa = PBXFileReference; lastKnownFileType = image.jpeg; path = bannerArtPlaceholder.jpg; sourceTree = "<group>"; };
		340A20B011AF0E15004351EB /* posterArtPlaceholder.jpg */ = {isa = PBXFileReference; lastKnownFileType = image.jpeg; path = posterArtPlaceholder.jpg; sourceTree = "<group>"; };
		340F15F8118FEBDE00A1BD00 /* SUUpdaterSubclass.h */ = {isa = PBXFileReference; fileEncoding = 4; lastKnownFileType = sourcecode.c.h; path = SUUpdaterSubclass.h; sourceTree = "<group>"; };
		340F15F9118FEBDE00A1BD00 /* SUUpdaterSubclass.m */ = {isa = PBXFileReference; fileEncoding = 4; lastKnownFileType = sourcecode.c.objc; path = SUUpdaterSubclass.m; sourceTree = "<group>"; };
		3419982611A07913003768D5 /* WebsiteFunctions.h */ = {isa = PBXFileReference; fileEncoding = 4; lastKnownFileType = sourcecode.c.h; path = WebsiteFunctions.h; sourceTree = "<group>"; };
		3419982711A07913003768D5 /* WebsiteFunctions.m */ = {isa = PBXFileReference; fileEncoding = 4; lastKnownFileType = sourcecode.c.objc; path = WebsiteFunctions.m; sourceTree = "<group>"; };
		3422ECD3118B3C130061E2E2 /* AppInfoConstants.h */ = {isa = PBXFileReference; fileEncoding = 4; lastKnownFileType = sourcecode.c.h; path = AppInfoConstants.h; sourceTree = "<group>"; };
		3422ECE7118B3D7D0061E2E2 /* PreferencesController.h */ = {isa = PBXFileReference; fileEncoding = 4; lastKnownFileType = sourcecode.c.h; path = PreferencesController.h; sourceTree = "<group>"; };
		3422ECE8118B3D7D0061E2E2 /* PreferencesController.m */ = {isa = PBXFileReference; fileEncoding = 4; lastKnownFileType = sourcecode.c.objc; path = PreferencesController.m; sourceTree = "<group>"; };
		342A32F611AA4C6200C433CD /* Cache.xcdatamodel */ = {isa = PBXFileReference; fileEncoding = 4; lastKnownFileType = wrapper.xcdatamodel; name = Cache.xcdatamodel; path = Models/Cache.xcdatamodel; sourceTree = "<group>"; };
		342A32F811AA4C8C00C433CD /* CacheDelegate.h */ = {isa = PBXFileReference; fileEncoding = 4; lastKnownFileType = sourcecode.c.h; name = CacheDelegate.h; path = Classes/CacheDelegate.h; sourceTree = "<group>"; };
		342A32F911AA4C8C00C433CD /* CacheDelegate.m */ = {isa = PBXFileReference; fileEncoding = 4; lastKnownFileType = sourcecode.c.objc; name = CacheDelegate.m; path = Classes/CacheDelegate.m; sourceTree = "<group>"; };
		3446722711C155690014C522 /* TVShowsHelper.h */ = {isa = PBXFileReference; fileEncoding = 4; lastKnownFileType = sourcecode.c.h; path = TVShowsHelper.h; sourceTree = "<group>"; };
		3446722811C155690014C522 /* TVShowsHelper.m */ = {isa = PBXFileReference; fileEncoding = 4; lastKnownFileType = sourcecode.c.objc; path = TVShowsHelper.m; sourceTree = "<group>"; };
		3446726511C157B60014C522 /* TVShowsHelper-Info.plist */ = {isa = PBXFileReference; fileEncoding = 4; lastKnownFileType = text.plist.xml; path = "TVShowsHelper-Info.plist"; sourceTree = "<group>"; };
		3446726911C167560014C522 /* English */ = {isa = PBXFileReference; lastKnownFileType = file.xib; name = English; path = Resources/English.lproj/TVShowsHelper.xib; sourceTree = "<group>"; };
		344AFA2B11A4C58D00D9C4E9 /* ESiTunesScroller.h */ = {isa = PBXFileReference; fileEncoding = 4; lastKnownFileType = sourcecode.c.h; path = ESiTunesScroller.h; sourceTree = "<group>"; };
		344AFA2C11A4C58D00D9C4E9 /* ESiTunesScroller.m */ = {isa = PBXFileReference; fileEncoding = 4; lastKnownFileType = sourcecode.c.objc; path = ESiTunesScroller.m; sourceTree = "<group>"; };
		344AFA2D11A4C58D00D9C4E9 /* ESScroller.h */ = {isa = PBXFileReference; fileEncoding = 4; lastKnownFileType = sourcecode.c.h; path = ESScroller.h; sourceTree = "<group>"; };
		344AFA2E11A4C58D00D9C4E9 /* ESScroller.m */ = {isa = PBXFileReference; fileEncoding = 4; lastKnownFileType = sourcecode.c.objc; path = ESScroller.m; sourceTree = "<group>"; };
		344AFA8311A4D19C00D9C4E9 /* ESScrollView.h */ = {isa = PBXFileReference; fileEncoding = 4; lastKnownFileType = sourcecode.c.h; path = ESScrollView.h; sourceTree = "<group>"; };
		344AFA8411A4D19C00D9C4E9 /* ESScrollView.m */ = {isa = PBXFileReference; fileEncoding = 4; lastKnownFileType = sourcecode.c.objc; path = ESScrollView.m; sourceTree = "<group>"; };
		345BE412119344E10016EA2D /* English */ = {isa = PBXFileReference; fileEncoding = 4; lastKnownFileType = text.plist.strings; name = English; path = Resources/English.lproj/InfoPlist.strings; sourceTree = "<group>"; };
		345BE418119344F10016EA2D /* English */ = {isa = PBXFileReference; fileEncoding = 4; lastKnownFileType = text.plist.strings; name = English; path = Resources/English.lproj/JRFeedbackProvider.strings; sourceTree = "<group>"; };
		3471BB8611ACDF8700A65728 /* TSUserDefaults.h */ = {isa = PBXFileReference; fileEncoding = 4; lastKnownFileType = sourcecode.c.h; path = TSUserDefaults.h; sourceTree = "<group>"; };
		3471BB8711ACDF8700A65728 /* TSUserDefaults.m */ = {isa = PBXFileReference; fileEncoding = 4; lastKnownFileType = sourcecode.c.objc; path = TSUserDefaults.m; sourceTree = "<group>"; };
		3473845E119074C8003DFFA0 /* Sparkle.framework */ = {isa = PBXFileReference; lastKnownFileType = wrapper.framework; name = Sparkle.framework; path = Frameworks/Sparkle.framework; sourceTree = "<group>"; };
		34785D04119B9CE200A28449 /* Credits.rtf */ = {isa = PBXFileReference; lastKnownFileType = text.rtf; name = Credits.rtf; path = Resources/Credits.rtf; sourceTree = "<group>"; };
		347AFB111191157700393565 /* JRFeedbackController.h */ = {isa = PBXFileReference; fileEncoding = 4; lastKnownFileType = sourcecode.c.h; name = JRFeedbackController.h; path = JRFeedbackProvider/JRFeedbackController.h; sourceTree = "<group>"; };
		347AFB121191157700393565 /* JRFeedbackController.m */ = {isa = PBXFileReference; fileEncoding = 4; lastKnownFileType = sourcecode.c.objc; name = JRFeedbackController.m; path = JRFeedbackProvider/JRFeedbackController.m; sourceTree = "<group>"; };
		347AFB131191157700393565 /* NSURLRequestPostForm.h */ = {isa = PBXFileReference; fileEncoding = 4; lastKnownFileType = sourcecode.c.h; name = NSURLRequestPostForm.h; path = JRFeedbackProvider/NSURLRequestPostForm.h; sourceTree = "<group>"; };
		347AFB141191157700393565 /* NSURLRequestPostForm.m */ = {isa = PBXFileReference; fileEncoding = 4; lastKnownFileType = sourcecode.c.objc; name = NSURLRequestPostForm.m; path = JRFeedbackProvider/NSURLRequestPostForm.m; sourceTree = "<group>"; };
		347AFB20119115A800393565 /* English */ = {isa = PBXFileReference; lastKnownFileType = file.xib; name = English; path = Resources/English.lproj/JRFeedbackProvider.xib; sourceTree = "<group>"; };
		347AFBD41191206700393565 /* AddressBook.framework */ = {isa = PBXFileReference; lastKnownFileType = wrapper.framework; name = AddressBook.framework; path = System/Library/Frameworks/AddressBook.framework; sourceTree = SDKROOT; };
		347AFBD81191207300393565 /* SystemConfiguration.framework */ = {isa = PBXFileReference; lastKnownFileType = wrapper.framework; name = SystemConfiguration.framework; path = System/Library/Frameworks/SystemConfiguration.framework; sourceTree = SDKROOT; };
		347F1E6111A9FA6C005A40AA /* Subscriptions.xcdatamodel */ = {isa = PBXFileReference; fileEncoding = 4; lastKnownFileType = wrapper.xcdatamodel; name = Subscriptions.xcdatamodel; path = Models/Subscriptions.xcdatamodel; sourceTree = "<group>"; };
		347F1E6411A9FA96005A40AA /* PresetShows.xcdatamodel */ = {isa = PBXFileReference; fileEncoding = 4; lastKnownFileType = wrapper.xcdatamodel; name = PresetShows.xcdatamodel; path = Models/PresetShows.xcdatamodel; sourceTree = "<group>"; };
		347F1E6611AA090D005A40AA /* PresetShowsDelegate.h */ = {isa = PBXFileReference; fileEncoding = 4; lastKnownFileType = sourcecode.c.h; name = PresetShowsDelegate.h; path = Classes/PresetShowsDelegate.h; sourceTree = "<group>"; };
		347F1E6711AA090D005A40AA /* PresetShowsDelegate.m */ = {isa = PBXFileReference; fileEncoding = 4; lastKnownFileType = sourcecode.c.objc; name = PresetShowsDelegate.m; path = Classes/PresetShowsDelegate.m; sourceTree = "<group>"; };
		347F1E6A11AA093C005A40AA /* PresetTorrentsController.h */ = {isa = PBXFileReference; fileEncoding = 4; lastKnownFileType = sourcecode.c.h; path = PresetTorrentsController.h; sourceTree = "<group>"; };
		347F1E6B11AA093C005A40AA /* PresetTorrentsController.m */ = {isa = PBXFileReference; fileEncoding = 4; lastKnownFileType = sourcecode.c.objc; path = PresetTorrentsController.m; sourceTree = "<group>"; };
		34908BD0119B9C1C00BDFC01 /* SUPublicDSAKey.pem */ = {isa = PBXFileReference; fileEncoding = 4; lastKnownFileType = text; name = SUPublicDSAKey.pem; path = Resources/SUPublicDSAKey.pem; sourceTree = "<group>"; };
		349F2F6411B2E7DB00D10D96 /* NSDate_FeedParserExtensions.h */ = {isa = PBXFileReference; fileEncoding = 4; lastKnownFileType = sourcecode.c.h; path = NSDate_FeedParserExtensions.h; sourceTree = "<group>"; };
		349F2F6511B2E7DB00D10D96 /* NSDate_FeedParserExtensions.m */ = {isa = PBXFileReference; fileEncoding = 4; lastKnownFileType = sourcecode.c.objc; path = NSDate_FeedParserExtensions.m; sourceTree = "<group>"; };
		349F2F6611B2E7DB00D10D96 /* NSString_extensions.h */ = {isa = PBXFileReference; fileEncoding = 4; lastKnownFileType = sourcecode.c.h; path = NSString_extensions.h; sourceTree = "<group>"; };
		349F2F6711B2E7DB00D10D96 /* NSString_extensions.m */ = {isa = PBXFileReference; fileEncoding = 4; lastKnownFileType = sourcecode.c.objc; path = NSString_extensions.m; sourceTree = "<group>"; };
		349F2F6811B2E7DB00D10D96 /* FeedParser.h */ = {isa = PBXFileReference; fileEncoding = 4; lastKnownFileType = sourcecode.c.h; path = FeedParser.h; sourceTree = "<group>"; };
		349F2F6911B2E7DB00D10D96 /* FPEnclosure.h */ = {isa = PBXFileReference; fileEncoding = 4; lastKnownFileType = sourcecode.c.h; path = FPEnclosure.h; sourceTree = "<group>"; };
		349F2F6A11B2E7DB00D10D96 /* FPEnclosure.m */ = {isa = PBXFileReference; fileEncoding = 4; lastKnownFileType = sourcecode.c.objc; path = FPEnclosure.m; sourceTree = "<group>"; };
		349F2F6B11B2E7DB00D10D96 /* FPErrors.h */ = {isa = PBXFileReference; fileEncoding = 4; lastKnownFileType = sourcecode.c.h; path = FPErrors.h; sourceTree = "<group>"; };
		349F2F6C11B2E7DB00D10D96 /* FPFeed.h */ = {isa = PBXFileReference; fileEncoding = 4; lastKnownFileType = sourcecode.c.h; path = FPFeed.h; sourceTree = "<group>"; };
		349F2F6D11B2E7DB00D10D96 /* FPFeed.m */ = {isa = PBXFileReference; fileEncoding = 4; lastKnownFileType = sourcecode.c.objc; path = FPFeed.m; sourceTree = "<group>"; };
		349F2F6E11B2E7DB00D10D96 /* FPItem.h */ = {isa = PBXFileReference; fileEncoding = 4; lastKnownFileType = sourcecode.c.h; path = FPItem.h; sourceTree = "<group>"; };
		349F2F6F11B2E7DB00D10D96 /* FPItem.m */ = {isa = PBXFileReference; fileEncoding = 4; lastKnownFileType = sourcecode.c.objc; path = FPItem.m; sourceTree = "<group>"; };
		349F2F7011B2E7DB00D10D96 /* FPLink.h */ = {isa = PBXFileReference; fileEncoding = 4; lastKnownFileType = sourcecode.c.h; path = FPLink.h; sourceTree = "<group>"; };
		349F2F7111B2E7DB00D10D96 /* FPLink.m */ = {isa = PBXFileReference; fileEncoding = 4; lastKnownFileType = sourcecode.c.objc; path = FPLink.m; sourceTree = "<group>"; };
		349F2F7211B2E7DB00D10D96 /* FPParser.h */ = {isa = PBXFileReference; fileEncoding = 4; lastKnownFileType = sourcecode.c.h; path = FPParser.h; sourceTree = "<group>"; };
		349F2F7311B2E7DB00D10D96 /* FPParser.m */ = {isa = PBXFileReference; fileEncoding = 4; lastKnownFileType = sourcecode.c.objc; path = FPParser.m; sourceTree = "<group>"; };
		349F2F7511B2E7DB00D10D96 /* FPExtensionElementNode_Private.h */ = {isa = PBXFileReference; fileEncoding = 4; lastKnownFileType = sourcecode.c.h; path = FPExtensionElementNode_Private.h; sourceTree = "<group>"; };
		349F2F7611B2E7DB00D10D96 /* FPXMLPair.h */ = {isa = PBXFileReference; fileEncoding = 4; lastKnownFileType = sourcecode.c.h; path = FPXMLPair.h; sourceTree = "<group>"; };
		349F2F7711B2E7DB00D10D96 /* FPXMLPair.m */ = {isa = PBXFileReference; fileEncoding = 4; lastKnownFileType = sourcecode.c.objc; path = FPXMLPair.m; sourceTree = "<group>"; };
		349F2F7811B2E7DB00D10D96 /* FPXMLParser.h */ = {isa = PBXFileReference; fileEncoding = 4; lastKnownFileType = sourcecode.c.h; path = FPXMLParser.h; sourceTree = "<group>"; };
		349F2F7911B2E7DB00D10D96 /* FPXMLParser.m */ = {isa = PBXFileReference; fileEncoding = 4; lastKnownFileType = sourcecode.c.objc; path = FPXMLParser.m; sourceTree = "<group>"; };
		349F2F7A11B2E7DB00D10D96 /* FPXMLParserProtocol.h */ = {isa = PBXFileReference; fileEncoding = 4; lastKnownFileType = sourcecode.c.h; path = FPXMLParserProtocol.h; sourceTree = "<group>"; };
		349F2F7C11B2E7DB00D10D96 /* FPExtensionElementNode.h */ = {isa = PBXFileReference; fileEncoding = 4; lastKnownFileType = sourcecode.c.h; path = FPExtensionElementNode.h; sourceTree = "<group>"; };
		349F2F7D11B2E7DB00D10D96 /* FPExtensionElementNode.m */ = {isa = PBXFileReference; fileEncoding = 4; lastKnownFileType = sourcecode.c.objc; path = FPExtensionElementNode.m; sourceTree = "<group>"; };
		349F2F7E11B2E7DB00D10D96 /* FPExtensionNode.h */ = {isa = PBXFileReference; fileEncoding = 4; lastKnownFileType = sourcecode.c.h; path = FPExtensionNode.h; sourceTree = "<group>"; };
		349F2F7F11B2E7DB00D10D96 /* FPExtensionNode.m */ = {isa = PBXFileReference; fileEncoding = 4; lastKnownFileType = sourcecode.c.objc; path = FPExtensionNode.m; sourceTree = "<group>"; };
		349F2F8011B2E7DB00D10D96 /* FPExtensionTextNode.h */ = {isa = PBXFileReference; fileEncoding = 4; lastKnownFileType = sourcecode.c.h; path = FPExtensionTextNode.h; sourceTree = "<group>"; };
		349F2F8111B2E7DB00D10D96 /* FPExtensionTextNode.m */ = {isa = PBXFileReference; fileEncoding = 4; lastKnownFileType = sourcecode.c.objc; path = FPExtensionTextNode.m; sourceTree = "<group>"; };
		349FEE031183590500D24FC9 /* TVShows-Beta-Large.icns */ = {isa = PBXFileReference; lastKnownFileType = image.icns; path = "TVShows-Beta-Large.icns"; sourceTree = "<group>"; };
		349FEE041183590500D24FC9 /* TVShows-Beta.png */ = {isa = PBXFileReference; lastKnownFileType = image.png; path = "TVShows-Beta.png"; sourceTree = "<group>"; };
		349FEE051183590500D24FC9 /* TVShows-Off-Large.icns */ = {isa = PBXFileReference; lastKnownFileType = image.icns; path = "TVShows-Off-Large.icns"; sourceTree = "<group>"; };
		349FEE061183590500D24FC9 /* TVShows-Off.png */ = {isa = PBXFileReference; lastKnownFileType = image.png; path = "TVShows-Off.png"; sourceTree = "<group>"; };
		349FEE071183590500D24FC9 /* TVShows-On-Large.icns */ = {isa = PBXFileReference; lastKnownFileType = image.icns; path = "TVShows-On-Large.icns"; sourceTree = "<group>"; };
		349FEE081183590500D24FC9 /* TVShows-On.png */ = {isa = PBXFileReference; lastKnownFileType = image.png; path = "TVShows-On.png"; sourceTree = "<group>"; };
		349FEE151183597500D24FC9 /* TVShowsPref.h */ = {isa = PBXFileReference; fileEncoding = 4; lastKnownFileType = sourcecode.c.h; path = TVShowsPref.h; sourceTree = "<group>"; };
		349FEE161183597500D24FC9 /* TVShowsPref.m */ = {isa = PBXFileReference; fileEncoding = 4; lastKnownFileType = sourcecode.c.objc; path = TVShowsPref.m; sourceTree = "<group>"; };
		349FEEBF11835A1C00D24FC9 /* TabController.h */ = {isa = PBXFileReference; fileEncoding = 4; lastKnownFileType = sourcecode.c.h; path = TabController.h; sourceTree = "<group>"; };
		349FEEC011835A1C00D24FC9 /* TabController.m */ = {isa = PBXFileReference; fileEncoding = 4; lastKnownFileType = sourcecode.c.objc; path = TabController.m; sourceTree = "<group>"; };
		34A8FF9C1187C17000DDD3DE /* LICENSE.txt */ = {isa = PBXFileReference; fileEncoding = 4; lastKnownFileType = text; path = LICENSE.txt; sourceTree = "<group>"; };
		34A9183B119E09AF004B339D /* BWToolkitFramework.framework */ = {isa = PBXFileReference; lastKnownFileType = wrapper.framework; name = BWToolkitFramework.framework; path = Frameworks/BWToolkitFramework.framework; sourceTree = "<group>"; };
		34A91883119E2C85004B339D /* libicucore.dylib */ = {isa = PBXFileReference; lastKnownFileType = "compiled.mach-o.dylib"; name = libicucore.dylib; path = usr/lib/libicucore.dylib; sourceTree = SDKROOT; };
		34A91892119E2F83004B339D /* RegexKitLite.h */ = {isa = PBXFileReference; fileEncoding = 4; lastKnownFileType = sourcecode.c.h; path = RegexKitLite.h; sourceTree = "<group>"; };
		34A91893119E2F83004B339D /* RegexKitLite.m */ = {isa = PBXFileReference; fileEncoding = 4; lastKnownFileType = sourcecode.c.objc; path = RegexKitLite.m; sourceTree = "<group>"; };
		34C5B58811BB3BFE00AAE681 /* TSRegexFun.h */ = {isa = PBXFileReference; fileEncoding = 4; lastKnownFileType = sourcecode.c.h; path = TSRegexFun.h; sourceTree = "<group>"; };
		34C5B58911BB3BFE00AAE681 /* TSRegexFun.m */ = {isa = PBXFileReference; fileEncoding = 4; lastKnownFileType = sourcecode.c.objc; path = TSRegexFun.m; sourceTree = "<group>"; };
		34C5B58E11BB3C1500AAE681 /* TSParseXMLFeeds.h */ = {isa = PBXFileReference; fileEncoding = 4; lastKnownFileType = sourcecode.c.h; path = TSParseXMLFeeds.h; sourceTree = "<group>"; };
		34C5B58F11BB3C1500AAE681 /* TSParseXMLFeeds.m */ = {isa = PBXFileReference; fileEncoding = 4; lastKnownFileType = sourcecode.c.objc; path = TSParseXMLFeeds.m; sourceTree = "<group>"; };
		34D8D1C011AB5C63006382C3 /* CustomRSSController.h */ = {isa = PBXFileReference; fileEncoding = 4; lastKnownFileType = sourcecode.c.h; path = CustomRSSController.h; sourceTree = "<group>"; };
		34D8D1C111AB5C63006382C3 /* CustomRSSController.m */ = {isa = PBXFileReference; fileEncoding = 4; lastKnownFileType = sourcecode.c.objc; path = CustomRSSController.m; sourceTree = "<group>"; };
		34EB966D11838131005825C1 /* showRSS.png */ = {isa = PBXFileReference; lastKnownFileType = image.png; path = showRSS.png; sourceTree = "<group>"; };
		34EB966F118384DB005825C1 /* RSS-Large.png */ = {isa = PBXFileReference; lastKnownFileType = image.png; path = "RSS-Large.png"; sourceTree = "<group>"; };
		34EB967E118389FC005825C1 /* NZB.png */ = {isa = PBXFileReference; lastKnownFileType = image.png; path = NZB.png; sourceTree = "<group>"; };
		34EBF4EF11A8501A00962FE5 /* SubscriptionsDelegate.h */ = {isa = PBXFileReference; fileEncoding = 4; lastKnownFileType = sourcecode.c.h; name = SubscriptionsDelegate.h; path = Classes/SubscriptionsDelegate.h; sourceTree = "<group>"; };
		34EBF4F011A8501A00962FE5 /* SubscriptionsDelegate.m */ = {isa = PBXFileReference; fileEncoding = 4; lastKnownFileType = sourcecode.c.objc; name = SubscriptionsDelegate.m; path = Classes/SubscriptionsDelegate.m; sourceTree = "<group>"; };
		34EC6AB911A312AD00BD660A /* English */ = {isa = PBXFileReference; lastKnownFileType = file.xib; name = English; path = Resources/English.lproj/TVShowsPref.xib; sourceTree = "<group>"; };
		34F6EA39119BCAD100F8AD4C /* TVShows_Prefix.pch */ = {isa = PBXFileReference; fileEncoding = 4; lastKnownFileType = sourcecode.c.h; path = TVShows_Prefix.pch; sourceTree = "<group>"; };
		34F6EA64119BCBA200F8AD4C /* Info.plist */ = {isa = PBXFileReference; fileEncoding = 4; lastKnownFileType = text.plist.xml; path = Info.plist; sourceTree = "<group>"; };
		34FBC5E111C0B3C2005D290B /* TVShowsHelper.app */ = {isa = PBXFileReference; explicitFileType = wrapper.application; includeInIndex = 0; path = TVShowsHelper.app; sourceTree = BUILT_PRODUCTS_DIR; };
		34FBC5E311C0B3C2005D290B /* TVShowsHelper-Info.plist */ = {isa = PBXFileReference; lastKnownFileType = text.plist.xml; path = "TVShowsHelper-Info.plist"; sourceTree = "<group>"; };
		34FBC62D11C0B567005D290B /* main.m */ = {isa = PBXFileReference; fileEncoding = 4; lastKnownFileType = sourcecode.c.objc; path = main.m; sourceTree = "<group>"; };
		8D202CF80486D31800D8A456 /* TVShows.prefPane */ = {isa = PBXFileReference; explicitFileType = wrapper.cfbundle; includeInIndex = 0; path = TVShows.prefPane; sourceTree = BUILT_PRODUCTS_DIR; };
		F506C035013D953901CA16C8 /* PreferencePanes.framework */ = {isa = PBXFileReference; lastKnownFileType = wrapper.framework; name = PreferencePanes.framework; path = /System/Library/Frameworks/PreferencePanes.framework; sourceTree = "<absolute>"; };
/* End PBXFileReference section */

/* Begin PBXFrameworksBuildPhase section */
		34FBC5DF11C0B3C2005D290B /* Frameworks */ = {
			isa = PBXFrameworksBuildPhase;
			buildActionMask = 2147483647;
			files = (
				34FBC69B11C0B804005D290B /* Sparkle.framework in Frameworks */,
				34FBC5F811C0B495005D290B /* Cocoa.framework in Frameworks */,
				34FBC60D11C0B4D6005D290B /* SystemConfiguration.framework in Frameworks */,
				34FBC61F11C0B526005D290B /* libicucore.dylib in Frameworks */,
			);
			runOnlyForDeploymentPostprocessing = 0;
		};
		8D202CF20486D31800D8A456 /* Frameworks */ = {
			isa = PBXFrameworksBuildPhase;
			buildActionMask = 2147483647;
			files = (
				3473849E11907678003DFFA0 /* Sparkle.framework in Frameworks */,
				8D202CF30486D31800D8A456 /* Cocoa.framework in Frameworks */,
				8D202CF40486D31800D8A456 /* PreferencePanes.framework in Frameworks */,
				347AFBD51191206700393565 /* AddressBook.framework in Frameworks */,
				347AFBD91191207300393565 /* SystemConfiguration.framework in Frameworks */,
				34A9183C119E09AF004B339D /* BWToolkitFramework.framework in Frameworks */,
				34A91884119E2C85004B339D /* libicucore.dylib in Frameworks */,
			);
			runOnlyForDeploymentPostprocessing = 0;
		};
/* End PBXFrameworksBuildPhase section */

/* Begin PBXGroup section */
		089C166AFE841209C02AAC07 /* TVShows */ = {
			isa = PBXGroup;
			children = (
				3401816611951C9D00FB0E39 /* Models */,
				349FEE141183597500D24FC9 /* Classes */,
				347F1E7911AA0E54005A40AA /* External Classes */,
				32DBCFA10370C40200C91783 /* Other Sources */,
				089C167CFE841241C02AAC07 /* Resources */,
				089C1671FE841209C02AAC07 /* Frameworks and Libraries */,
				19C28FB8FE9D52D311CA2CBB /* Products */,
				34FBC5E311C0B3C2005D290B /* TVShowsHelper-Info.plist */,
			);
			name = TVShows;
			sourceTree = "<group>";
		};
		089C1671FE841209C02AAC07 /* Frameworks and Libraries */ = {
			isa = PBXGroup;
			children = (
				1058C7ACFEA557BF11CA2CBB /* Linked Frameworks */,
				1058C7AEFEA557BF11CA2CBB /* Other Frameworks */,
			);
			name = "Frameworks and Libraries";
			sourceTree = "<group>";
		};
		089C167CFE841241C02AAC07 /* Resources */ = {
			isa = PBXGroup;
			children = (
				349FEE021183590500D24FC9 /* Images */,
				347AFB25119115AC00393565 /* English.lproj */,
				34F6EA64119BCBA200F8AD4C /* Info.plist */,
				3446726511C157B60014C522 /* TVShowsHelper-Info.plist */,
				34908BD0119B9C1C00BDFC01 /* SUPublicDSAKey.pem */,
				34A8FF9C1187C17000DDD3DE /* LICENSE.txt */,
				34785D04119B9CE200A28449 /* Credits.rtf */,
			);
			name = Resources;
			sourceTree = "<group>";
		};
		1058C7ACFEA557BF11CA2CBB /* Linked Frameworks */ = {
			isa = PBXGroup;
			children = (
				34A9183B119E09AF004B339D /* BWToolkitFramework.framework */,
				3473845E119074C8003DFFA0 /* Sparkle.framework */,
				34A91883119E2C85004B339D /* libicucore.dylib */,
				1058C7ADFEA557BF11CA2CBB /* Cocoa.framework */,
				F506C035013D953901CA16C8 /* PreferencePanes.framework */,
				347AFBD41191206700393565 /* AddressBook.framework */,
				347AFBD81191207300393565 /* SystemConfiguration.framework */,
			);
			name = "Linked Frameworks";
			sourceTree = "<group>";
		};
		1058C7AEFEA557BF11CA2CBB /* Other Frameworks */ = {
			isa = PBXGroup;
			children = (
				089C1672FE841209C02AAC07 /* Foundation.framework */,
				089C167FFE841241C02AAC07 /* AppKit.framework */,
			);
			name = "Other Frameworks";
			sourceTree = "<group>";
		};
		19C28FB8FE9D52D311CA2CBB /* Products */ = {
			isa = PBXGroup;
			children = (
				8D202CF80486D31800D8A456 /* TVShows.prefPane */,
				34FBC5E111C0B3C2005D290B /* TVShowsHelper.app */,
			);
			name = Products;
			sourceTree = "<group>";
		};
		32DBCFA10370C40200C91783 /* Other Sources */ = {
			isa = PBXGroup;
			children = (
				34FBC62D11C0B567005D290B /* main.m */,
				34F6EA39119BCAD100F8AD4C /* TVShows_Prefix.pch */,
			);
			name = "Other Sources";
			sourceTree = "<group>";
		};
		3401816611951C9D00FB0E39 /* Models */ = {
			isa = PBXGroup;
			children = (
				342A32F611AA4C6200C433CD /* Cache.xcdatamodel */,
				347F1E6411A9FA96005A40AA /* PresetShows.xcdatamodel */,
				347F1E6111A9FA6C005A40AA /* Subscriptions.xcdatamodel */,
			);
			name = Models;
			sourceTree = "<group>";
		};
		344AFA2A11A4C58D00D9C4E9 /* iTunesScroller */ = {
			isa = PBXGroup;
			children = (
				344AFA2B11A4C58D00D9C4E9 /* ESiTunesScroller.h */,
				344AFA2C11A4C58D00D9C4E9 /* ESiTunesScroller.m */,
				344AFA2D11A4C58D00D9C4E9 /* ESScroller.h */,
				344AFA2E11A4C58D00D9C4E9 /* ESScroller.m */,
				344AFA8311A4D19C00D9C4E9 /* ESScrollView.h */,
				344AFA8411A4D19C00D9C4E9 /* ESScrollView.m */,
			);
			path = iTunesScroller;
			sourceTree = "<group>";
		};
		347AFB0E1191153B00393565 /* JRFeedbackProvider */ = {
			isa = PBXGroup;
			children = (
				347AFB111191157700393565 /* JRFeedbackController.h */,
				347AFB121191157700393565 /* JRFeedbackController.m */,
				347AFB131191157700393565 /* NSURLRequestPostForm.h */,
				347AFB141191157700393565 /* NSURLRequestPostForm.m */,
			);
			name = JRFeedbackProvider;
			sourceTree = "<group>";
		};
		347AFB25119115AC00393565 /* English.lproj */ = {
			isa = PBXGroup;
			children = (
				3446726811C167560014C522 /* TVShowsHelper.xib */,
				34EC6AB811A312AD00BD660A /* TVShowsPref.xib */,
				347AFB1F119115A800393565 /* JRFeedbackProvider.xib */,
				345BE411119344E10016EA2D /* InfoPlist.strings */,
				345BE417119344F10016EA2D /* JRFeedbackProvider.strings */,
			);
			name = English.lproj;
			sourceTree = "<group>";
		};
		347F1E6F11AA0D9E005A40AA /* Core Data */ = {
			isa = PBXGroup;
			children = (
				342A32F811AA4C8C00C433CD /* CacheDelegate.h */,
				342A32F911AA4C8C00C433CD /* CacheDelegate.m */,
				347F1E6611AA090D005A40AA /* PresetShowsDelegate.h */,
				347F1E6711AA090D005A40AA /* PresetShowsDelegate.m */,
				34EBF4EF11A8501A00962FE5 /* SubscriptionsDelegate.h */,
				34EBF4F011A8501A00962FE5 /* SubscriptionsDelegate.m */,
			);
			name = "Core Data";
			path = ..;
			sourceTree = "<group>";
		};
		347F1E7811AA0E2D005A40AA /* Controllers */ = {
			isa = PBXGroup;
			children = (
				3422ECE7118B3D7D0061E2E2 /* PreferencesController.h */,
				3422ECE8118B3D7D0061E2E2 /* PreferencesController.m */,
				347F1E6A11AA093C005A40AA /* PresetTorrentsController.h */,
				347F1E6B11AA093C005A40AA /* PresetTorrentsController.m */,
				34D8D1C011AB5C63006382C3 /* CustomRSSController.h */,
				34D8D1C111AB5C63006382C3 /* CustomRSSController.m */,
				349FEEBF11835A1C00D24FC9 /* TabController.h */,
				349FEEC011835A1C00D24FC9 /* TabController.m */,
			);
			name = Controllers;
			sourceTree = "<group>";
		};
		347F1E7911AA0E54005A40AA /* External Classes */ = {
			isa = PBXGroup;
			children = (
				349F2F6211B2E7DB00D10D96 /* FeedParser */,
				344AFA2A11A4C58D00D9C4E9 /* iTunesScroller */,
				347AFB0E1191153B00393565 /* JRFeedbackProvider */,
				34A91891119E2F83004B339D /* RegexKitLite */,
			);
			name = "External Classes";
			path = Classes;
			sourceTree = "<group>";
		};
		349F2F6211B2E7DB00D10D96 /* FeedParser */ = {
			isa = PBXGroup;
			children = (
				349F2F6311B2E7DB00D10D96 /* Extensions */,
				349F2F6811B2E7DB00D10D96 /* FeedParser.h */,
				349F2F6911B2E7DB00D10D96 /* FPEnclosure.h */,
				349F2F6A11B2E7DB00D10D96 /* FPEnclosure.m */,
				349F2F6B11B2E7DB00D10D96 /* FPErrors.h */,
				349F2F6C11B2E7DB00D10D96 /* FPFeed.h */,
				349F2F6D11B2E7DB00D10D96 /* FPFeed.m */,
				349F2F6E11B2E7DB00D10D96 /* FPItem.h */,
				349F2F6F11B2E7DB00D10D96 /* FPItem.m */,
				349F2F7011B2E7DB00D10D96 /* FPLink.h */,
				349F2F7111B2E7DB00D10D96 /* FPLink.m */,
				349F2F7211B2E7DB00D10D96 /* FPParser.h */,
				349F2F7311B2E7DB00D10D96 /* FPParser.m */,
				349F2F7411B2E7DB00D10D96 /* Internal */,
				349F2F7B11B2E7DB00D10D96 /* XML Extensions */,
			);
			name = FeedParser;
			path = FeedParser/FeedParser;
			sourceTree = "<group>";
		};
		349F2F6311B2E7DB00D10D96 /* Extensions */ = {
			isa = PBXGroup;
			children = (
				349F2F6411B2E7DB00D10D96 /* NSDate_FeedParserExtensions.h */,
				349F2F6511B2E7DB00D10D96 /* NSDate_FeedParserExtensions.m */,
				349F2F6611B2E7DB00D10D96 /* NSString_extensions.h */,
				349F2F6711B2E7DB00D10D96 /* NSString_extensions.m */,
			);
			path = Extensions;
			sourceTree = "<group>";
		};
		349F2F7411B2E7DB00D10D96 /* Internal */ = {
			isa = PBXGroup;
			children = (
				349F2F7511B2E7DB00D10D96 /* FPExtensionElementNode_Private.h */,
				349F2F7611B2E7DB00D10D96 /* FPXMLPair.h */,
				349F2F7711B2E7DB00D10D96 /* FPXMLPair.m */,
				349F2F7811B2E7DB00D10D96 /* FPXMLParser.h */,
				349F2F7911B2E7DB00D10D96 /* FPXMLParser.m */,
				349F2F7A11B2E7DB00D10D96 /* FPXMLParserProtocol.h */,
			);
			path = Internal;
			sourceTree = "<group>";
		};
		349F2F7B11B2E7DB00D10D96 /* XML Extensions */ = {
			isa = PBXGroup;
			children = (
				349F2F7C11B2E7DB00D10D96 /* FPExtensionElementNode.h */,
				349F2F7D11B2E7DB00D10D96 /* FPExtensionElementNode.m */,
				349F2F7E11B2E7DB00D10D96 /* FPExtensionNode.h */,
				349F2F7F11B2E7DB00D10D96 /* FPExtensionNode.m */,
				349F2F8011B2E7DB00D10D96 /* FPExtensionTextNode.h */,
				349F2F8111B2E7DB00D10D96 /* FPExtensionTextNode.m */,
			);
			path = "XML Extensions";
			sourceTree = "<group>";
		};
		349FEE021183590500D24FC9 /* Images */ = {
			isa = PBXGroup;
			children = (
				340A20B011AF0E15004351EB /* posterArtPlaceholder.jpg */,
				340180FF1194BF5800FB0E39 /* bannerArtPlaceholder.jpg */,
				34EB967E118389FC005825C1 /* NZB.png */,
				34EB966F118384DB005825C1 /* RSS-Large.png */,
				34EB966D11838131005825C1 /* showRSS.png */,
				349FEE031183590500D24FC9 /* TVShows-Beta-Large.icns */,
				349FEE041183590500D24FC9 /* TVShows-Beta.png */,
				349FEE051183590500D24FC9 /* TVShows-Off-Large.icns */,
				349FEE061183590500D24FC9 /* TVShows-Off.png */,
				349FEE071183590500D24FC9 /* TVShows-On-Large.icns */,
				349FEE081183590500D24FC9 /* TVShows-On.png */,
			);
			name = Images;
			path = Resources/Images;
			sourceTree = "<group>";
		};
		349FEE141183597500D24FC9 /* Classes */ = {
			isa = PBXGroup;
			children = (
				347F1E7811AA0E2D005A40AA /* Controllers */,
				347F1E6F11AA0D9E005A40AA /* Core Data */,
				3422ECD3118B3C130061E2E2 /* AppInfoConstants.h */,
				340F15F8118FEBDE00A1BD00 /* SUUpdaterSubclass.h */,
				340F15F9118FEBDE00A1BD00 /* SUUpdaterSubclass.m */,
				34C5B58E11BB3C1500AAE681 /* TSParseXMLFeeds.h */,
				34C5B58F11BB3C1500AAE681 /* TSParseXMLFeeds.m */,
				34C5B58811BB3BFE00AAE681 /* TSRegexFun.h */,
				34C5B58911BB3BFE00AAE681 /* TSRegexFun.m */,
				3471BB8611ACDF8700A65728 /* TSUserDefaults.h */,
				3471BB8711ACDF8700A65728 /* TSUserDefaults.m */,
				3446722711C155690014C522 /* TVShowsHelper.h */,
				3446722811C155690014C522 /* TVShowsHelper.m */,
				349FEE151183597500D24FC9 /* TVShowsPref.h */,
				349FEE161183597500D24FC9 /* TVShowsPref.m */,
				3419982611A07913003768D5 /* WebsiteFunctions.h */,
				3419982711A07913003768D5 /* WebsiteFunctions.m */,
			);
			path = Classes;
			sourceTree = "<group>";
		};
		34A91891119E2F83004B339D /* RegexKitLite */ = {
			isa = PBXGroup;
			children = (
				34A91892119E2F83004B339D /* RegexKitLite.h */,
				34A91893119E2F83004B339D /* RegexKitLite.m */,
			);
			path = RegexKitLite;
			sourceTree = "<group>";
		};
/* End PBXGroup section */

/* Begin PBXNativeTarget section */
		34FBC5E011C0B3C2005D290B /* TVShowsHelper */ = {
			isa = PBXNativeTarget;
			buildConfigurationList = 34FBC5E611C0B3C3005D290B /* Build configuration list for PBXNativeTarget "TVShowsHelper" */;
			buildPhases = (
				34FBC5DD11C0B3C2005D290B /* Resources */,
				34FBC61411C0B50D005D290B /* Copy Linked Libraries */,
				34FBC5DE11C0B3C2005D290B /* Sources */,
				34FBC5DF11C0B3C2005D290B /* Frameworks */,
			);
			buildRules = (
			);
			dependencies = (
			);
			name = TVShowsHelper;
			productName = TVShowsHelper;
			productReference = 34FBC5E111C0B3C2005D290B /* TVShowsHelper.app */;
			productType = "com.apple.product-type.application";
		};
		8D202CE80486D31800D8A456 /* TVShows */ = {
			isa = PBXNativeTarget;
			buildConfigurationList = 1DBD214808BA80EA00186707 /* Build configuration list for PBXNativeTarget "TVShows" */;
			buildPhases = (
				8D202CEC0486D31800D8A456 /* Resources */,
				340799BF11868C1000291D97 /* Copy Linked Libraries */,
				8D202CF00486D31800D8A456 /* Sources */,
				8D202CF20486D31800D8A456 /* Frameworks */,
			);
			buildRules = (
			);
			dependencies = (
			);
			name = TVShows;
			productInstallPath = "$(HOME)/Library/PreferencePanes";
			productName = TVShows;
			productReference = 8D202CF80486D31800D8A456 /* TVShows.prefPane */;
			productType = "com.apple.product-type.bundle";
		};
/* End PBXNativeTarget section */

/* Begin PBXProject section */
		089C1669FE841209C02AAC07 /* Project object */ = {
			isa = PBXProject;
			attributes = {
				ORGANIZATIONNAME = "Matthew Price";
			};
			buildConfigurationList = 1DBD214C08BA80EA00186707 /* Build configuration list for PBXProject "TVShows" */;
			compatibilityVersion = "Xcode 3.1";
			hasScannedForEncodings = 1;
			mainGroup = 089C166AFE841209C02AAC07 /* TVShows */;
			projectDirPath = "";
			projectRoot = "";
			targets = (
				8D202CE80486D31800D8A456 /* TVShows */,
				34FBC5E011C0B3C2005D290B /* TVShowsHelper */,
				344672C211C173D40014C522 /* Preference Pane + Helper */,
			);
		};
/* End PBXProject section */

/* Begin PBXResourcesBuildPhase section */
		34FBC5DD11C0B3C2005D290B /* Resources */ = {
			isa = PBXResourcesBuildPhase;
			buildActionMask = 2147483647;
			files = (
				34FBC60B11C0B4D0005D290B /* SUPublicDSAKey.pem in Resources */,
				3446726A11C167560014C522 /* TVShowsHelper.xib in Resources */,
			);
			runOnlyForDeploymentPostprocessing = 0;
		};
		8D202CEC0486D31800D8A456 /* Resources */ = {
			isa = PBXResourcesBuildPhase;
			buildActionMask = 2147483647;
			files = (
				349FEE091183590500D24FC9 /* TVShows-Beta-Large.icns in Resources */,
				349FEE0A1183590500D24FC9 /* TVShows-Beta.png in Resources */,
				349FEE0B1183590500D24FC9 /* TVShows-Off-Large.icns in Resources */,
				349FEE0C1183590500D24FC9 /* TVShows-Off.png in Resources */,
				349FEE0D1183590500D24FC9 /* TVShows-On-Large.icns in Resources */,
				349FEE0E1183590500D24FC9 /* TVShows-On.png in Resources */,
				34EB966E11838131005825C1 /* showRSS.png in Resources */,
				34EB967F118389FC005825C1 /* NZB.png in Resources */,
				343BF4CE1183DB3C008CE71D /* RSS-Large.png in Resources */,
				347AFB22119115A800393565 /* JRFeedbackProvider.xib in Resources */,
				345BE414119344E10016EA2D /* InfoPlist.strings in Resources */,
				345BE41A119344F10016EA2D /* JRFeedbackProvider.strings in Resources */,
				340181001194BF5800FB0E39 /* bannerArtPlaceholder.jpg in Resources */,
				34908BD1119B9C1C00BDFC01 /* SUPublicDSAKey.pem in Resources */,
				34785D07119B9CE200A28449 /* Credits.rtf in Resources */,
				34EC6ABC11A312AD00BD660A /* TVShowsPref.xib in Resources */,
				340A20B111AF0E15004351EB /* posterArtPlaceholder.jpg in Resources */,
				34FBC5F411C0B451005D290B /* TVShowsHelper.app in Resources */,
			);
			runOnlyForDeploymentPostprocessing = 0;
		};
/* End PBXResourcesBuildPhase section */

/* Begin PBXSourcesBuildPhase section */
		34FBC5DE11C0B3C2005D290B /* Sources */ = {
			isa = PBXSourcesBuildPhase;
			buildActionMask = 2147483647;
			files = (
				34FBC5F611C0B47F005D290B /* Cache.xcdatamodel in Sources */,
				34FBC5F711C0B480005D290B /* CacheDelegate.m in Sources */,
				34FBC5F911C0B49B005D290B /* FPEnclosure.m in Sources */,
				34FBC5FA11C0B49C005D290B /* FPExtensionElementNode.m in Sources */,
				34FBC5FB11C0B49D005D290B /* FPExtensionNode.m in Sources */,
				34FBC5FC11C0B49D005D290B /* FPExtensionTextNode.m in Sources */,
				34FBC5FD11C0B4A4005D290B /* FPFeed.m in Sources */,
				34FBC5FE11C0B4A5005D290B /* FPItem.m in Sources */,
				34FBC5FF11C0B4A6005D290B /* FPLink.m in Sources */,
				34FBC60011C0B4A7005D290B /* FPParser.m in Sources */,
				34FBC60111C0B4A8005D290B /* FPXMLPair.m in Sources */,
				34FBC60211C0B4A9005D290B /* FPXMLParser.m in Sources */,
				34FBC60411C0B4B5005D290B /* NSDate_FeedParserExtensions.m in Sources */,
				34FBC60511C0B4B7005D290B /* NSString_extensions.m in Sources */,
				34FBC60711C0B4BD005D290B /* PreferencesController.m in Sources */,
				34FBC60811C0B4C1005D290B /* RegexKitLite.m in Sources */,
				34FBC60911C0B4C6005D290B /* Subscriptions.xcdatamodel in Sources */,
				34FBC60A11C0B4D0005D290B /* SubscriptionsDelegate.m in Sources */,
				34FBC60E11C0B4DA005D290B /* TSParseXMLFeeds.m in Sources */,
				34FBC60F11C0B4DB005D290B /* TSRegexFun.m in Sources */,
				34FBC61011C0B4DD005D290B /* TSUserDefaults.m in Sources */,
				34FBC61111C0B4EF005D290B /* WebsiteFunctions.m in Sources */,
				34FBC62E11C0B567005D290B /* main.m in Sources */,
				34FBC69511C0B7CE005D290B /* SUUpdaterSubclass.m in Sources */,
				3446722911C155690014C522 /* TVShowsHelper.m in Sources */,
				34EC6DCD11CDA4F8001AEF04 /* PresetShows.xcdatamodel in Sources */,
			);
			runOnlyForDeploymentPostprocessing = 0;
		};
		8D202CF00486D31800D8A456 /* Sources */ = {
			isa = PBXSourcesBuildPhase;
			buildActionMask = 2147483647;
			files = (
				349FEE181183597500D24FC9 /* TVShowsPref.m in Sources */,
				349FEEC211835A1C00D24FC9 /* TabController.m in Sources */,
				3422ECEA118B3D7D0061E2E2 /* PreferencesController.m in Sources */,
				340F15FB118FEBDE00A1BD00 /* SUUpdaterSubclass.m in Sources */,
				347AFB161191157700393565 /* JRFeedbackController.m in Sources */,
				347AFB181191157700393565 /* NSURLRequestPostForm.m in Sources */,
				34A91895119E2F83004B339D /* RegexKitLite.m in Sources */,
				3419982911A07913003768D5 /* WebsiteFunctions.m in Sources */,
				344AFA3011A4C58D00D9C4E9 /* ESiTunesScroller.m in Sources */,
				344AFA3211A4C58D00D9C4E9 /* ESScroller.m in Sources */,
				344AFA8611A4D19C00D9C4E9 /* ESScrollView.m in Sources */,
				34EBF4F211A8501A00962FE5 /* SubscriptionsDelegate.m in Sources */,
				347F1E6311A9FA6C005A40AA /* Subscriptions.xcdatamodel in Sources */,
				347F1E6511A9FA96005A40AA /* PresetShows.xcdatamodel in Sources */,
				347F1E6911AA090D005A40AA /* PresetShowsDelegate.m in Sources */,
				347F1E6D11AA093C005A40AA /* PresetTorrentsController.m in Sources */,
				342A32F711AA4C6200C433CD /* Cache.xcdatamodel in Sources */,
				342A32FB11AA4C8C00C433CD /* CacheDelegate.m in Sources */,
				34D8D1C311AB5C63006382C3 /* CustomRSSController.m in Sources */,
				3471BB8911ACDF8700A65728 /* TSUserDefaults.m in Sources */,
				349F2F8311B2E7DB00D10D96 /* NSDate_FeedParserExtensions.m in Sources */,
				349F2F8511B2E7DB00D10D96 /* NSString_extensions.m in Sources */,
				349F2F8811B2E7DB00D10D96 /* FPEnclosure.m in Sources */,
				349F2F8B11B2E7DB00D10D96 /* FPFeed.m in Sources */,
				349F2F8D11B2E7DB00D10D96 /* FPItem.m in Sources */,
				349F2F8F11B2E7DB00D10D96 /* FPLink.m in Sources */,
				349F2F9111B2E7DB00D10D96 /* FPParser.m in Sources */,
				349F2F9411B2E7DB00D10D96 /* FPXMLPair.m in Sources */,
				349F2F9611B2E7DB00D10D96 /* FPXMLParser.m in Sources */,
				349F2F9911B2E7DB00D10D96 /* FPExtensionElementNode.m in Sources */,
				349F2F9B11B2E7DB00D10D96 /* FPExtensionNode.m in Sources */,
				349F2F9D11B2E7DB00D10D96 /* FPExtensionTextNode.m in Sources */,
				34C5B58B11BB3BFE00AAE681 /* TSRegexFun.m in Sources */,
				34C5B59111BB3C1500AAE681 /* TSParseXMLFeeds.m in Sources */,
			);
			runOnlyForDeploymentPostprocessing = 0;
		};
/* End PBXSourcesBuildPhase section */

/* Begin PBXTargetDependency section */
		344672CC11C173F50014C522 /* PBXTargetDependency */ = {
			isa = PBXTargetDependency;
			target = 8D202CE80486D31800D8A456 /* TVShows */;
			targetProxy = 344672CB11C173F50014C522 /* PBXContainerItemProxy */;
		};
		344672CE11C173F50014C522 /* PBXTargetDependency */ = {
			isa = PBXTargetDependency;
			target = 34FBC5E011C0B3C2005D290B /* TVShowsHelper */;
			targetProxy = 344672CD11C173F50014C522 /* PBXContainerItemProxy */;
		};
/* End PBXTargetDependency section */

/* Begin PBXVariantGroup section */
		3446726811C167560014C522 /* TVShowsHelper.xib */ = {
			isa = PBXVariantGroup;
			children = (
				3446726911C167560014C522 /* English */,
			);
			name = TVShowsHelper.xib;
			sourceTree = "<group>";
		};
		345BE411119344E10016EA2D /* InfoPlist.strings */ = {
			isa = PBXVariantGroup;
			children = (
				345BE412119344E10016EA2D /* English */,
			);
			name = InfoPlist.strings;
			sourceTree = "<group>";
		};
		345BE417119344F10016EA2D /* JRFeedbackProvider.strings */ = {
			isa = PBXVariantGroup;
			children = (
				345BE418119344F10016EA2D /* English */,
			);
			name = JRFeedbackProvider.strings;
			sourceTree = "<group>";
		};
		347AFB1F119115A800393565 /* JRFeedbackProvider.xib */ = {
			isa = PBXVariantGroup;
			children = (
				347AFB20119115A800393565 /* English */,
			);
			name = JRFeedbackProvider.xib;
			sourceTree = "<group>";
		};
		34EC6AB811A312AD00BD660A /* TVShowsPref.xib */ = {
			isa = PBXVariantGroup;
			children = (
				34EC6AB911A312AD00BD660A /* English */,
			);
			name = TVShowsPref.xib;
			sourceTree = "<group>";
		};
/* End PBXVariantGroup section */

/* Begin XCBuildConfiguration section */
		1DBD214908BA80EA00186707 /* Debug */ = {
			isa = XCBuildConfiguration;
			buildSettings = {
				COPY_PHASE_STRIP = NO;
				FRAMEWORK_SEARCH_PATHS = (
					"$(inherited)",
					"\"$(SRCROOT)/Frameworks\"",
				);
				GCC_DYNAMIC_NO_PIC = NO;
				GCC_ENABLE_FIX_AND_CONTINUE = YES;
				GCC_MODEL_TUNING = G5;
				GCC_OPTIMIZATION_LEVEL = 0;
				GCC_PRECOMPILE_PREFIX_HEADER = YES;
				GCC_PREFIX_HEADER = TVShows_Prefix.pch;
				GCC_PREPROCESSOR_DEFINITIONS = (
					PREFPANE,
					DEBUG,
				);
				INFOPLIST_FILE = Info.plist;
				INSTALL_PATH = "$(HOME)/Library/PreferencePanes";
				OTHER_CFLAGS = "";
				PRODUCT_NAME = TVShows;
				WRAPPER_EXTENSION = prefPane;
				ZERO_LINK = YES;
			};
			name = Debug;
		};
		1DBD214A08BA80EA00186707 /* Release */ = {
			isa = XCBuildConfiguration;
			buildSettings = {
				DEBUG_INFORMATION_FORMAT = "dwarf-with-dsym";
				FRAMEWORK_SEARCH_PATHS = (
					"$(inherited)",
					"\"$(SRCROOT)/Frameworks\"",
				);
				GCC_MODEL_TUNING = G5;
				GCC_PRECOMPILE_PREFIX_HEADER = YES;
				GCC_PREFIX_HEADER = TVShows_Prefix.pch;
				GCC_PREPROCESSOR_DEFINITIONS = PREFPANE;
				INFOPLIST_FILE = Info.plist;
				INSTALL_PATH = "$(HOME)/Library/PreferencePanes";
				OTHER_CFLAGS = "";
				PRODUCT_NAME = TVShows;
				WRAPPER_EXTENSION = prefPane;
			};
			name = Release;
		};
		1DBD214D08BA80EA00186707 /* Debug */ = {
			isa = XCBuildConfiguration;
			buildSettings = {
				ARCHS = "$(ARCHS_STANDARD_32_64_BIT)";
				DEPLOYMENT_LOCATION = YES;
				DSTROOT = /;
				EXCLUDED_RECURSIVE_SEARCH_PATH_SUBDIRECTORIES = "*.nib *.lproj *.framework *.gch *.xcode* (*) CVS .svn .git";
				GCC_C_LANGUAGE_STANDARD = gnu99;
				GCC_ENABLE_OBJC_GC = supported;
				GCC_PREPROCESSOR_DEFINITIONS = DEBUG;
				GCC_VERSION = com.apple.compilers.llvm.clang.1_0;
				GCC_WARN_ABOUT_RETURN_TYPE = YES;
				GCC_WARN_UNUSED_VARIABLE = YES;
				INSTALL_PATH = $HOME/Library/PreferencePanes;
				ONLY_ACTIVE_ARCH = YES;
				OTHER_CFLAGS = "";
				OTHER_LDFLAGS = "-lstdc++";
				PREBINDING = NO;
				PRODUCT_NAME = "";
				RUN_CLANG_STATIC_ANALYZER = YES;
				SDKROOT = macosx10.5;
				VALID_ARCHS = "i386 ppc x86_64";
			};
			name = Debug;
		};
		1DBD214E08BA80EA00186707 /* Release */ = {
			isa = XCBuildConfiguration;
			buildSettings = {
				ARCHS = "$(ARCHS_STANDARD_32_64_BIT)";
				GCC_C_LANGUAGE_STANDARD = gnu99;
				GCC_ENABLE_OBJC_GC = supported;
				GCC_VERSION = com.apple.compilers.llvm.clang.1_0;
				GCC_WARN_ABOUT_RETURN_TYPE = YES;
				GCC_WARN_UNUSED_VARIABLE = YES;
				OTHER_CFLAGS = "";
				OTHER_LDFLAGS = "-lstdc++";
				PREBINDING = NO;
				PRODUCT_NAME = "";
				SDKROOT = macosx10.5;
				VALID_ARCHS = "i386 ppc x86_64";
			};
			name = Release;
		};
		344672C311C173D50014C522 /* Debug */ = {
			isa = XCBuildConfiguration;
			buildSettings = {
				COPY_PHASE_STRIP = NO;
				GCC_DYNAMIC_NO_PIC = NO;
				GCC_OPTIMIZATION_LEVEL = 0;
				PRODUCT_NAME = "Preference Pane + Helper";
			};
			name = Debug;
		};
		344672C411C173D50014C522 /* Release */ = {
			isa = XCBuildConfiguration;
			buildSettings = {
				COPY_PHASE_STRIP = YES;
				DEBUG_INFORMATION_FORMAT = "dwarf-with-dsym";
				GCC_ENABLE_FIX_AND_CONTINUE = NO;
				PRODUCT_NAME = "Preference Pane + Helper";
				ZERO_LINK = NO;
			};
			name = Release;
		};
		34FBC5E411C0B3C3005D290B /* Debug */ = {
			isa = XCBuildConfiguration;
			buildSettings = {
				ALWAYS_SEARCH_USER_PATHS = NO;
				COPY_PHASE_STRIP = NO;
				DEPLOYMENT_LOCATION = NO;
				FRAMEWORK_SEARCH_PATHS = (
					"$(inherited)",
					"\"$(SRCROOT)/Frameworks\"",
				);
				GCC_DYNAMIC_NO_PIC = NO;
				GCC_ENABLE_FIX_AND_CONTINUE = YES;
				GCC_MODEL_TUNING = G5;
				GCC_OPTIMIZATION_LEVEL = 0;
				GCC_PRECOMPILE_PREFIX_HEADER = YES;
				GCC_PREFIX_HEADER = TVShows_Prefix.pch;
				GCC_PREPROCESSOR_DEFINITIONS = (
					HELPER_APP,
					DEBUG,
				);
				INFOPLIST_FILE = "TVShowsHelper-Info.plist";
				INSTALL_PATH = "$(BUILD_DIR)/$(CONFIGURATION)";
				OTHER_CFLAGS = "";
				OTHER_LDFLAGS = (
					"-lstdc++",
					"-framework",
					Foundation,
					"-framework",
					AppKit,
				);
				PREBINDING = NO;
				PRODUCT_NAME = TVShowsHelper;
			};
			name = Debug;
		};
		34FBC5E511C0B3C3005D290B /* Release */ = {
			isa = XCBuildConfiguration;
			buildSettings = {
				ALWAYS_SEARCH_USER_PATHS = NO;
				COPY_PHASE_STRIP = YES;
				DEBUG_INFORMATION_FORMAT = "dwarf-with-dsym";
				FRAMEWORK_SEARCH_PATHS = (
					"$(inherited)",
					"\"$(SRCROOT)/Frameworks\"",
				);
				GCC_ENABLE_FIX_AND_CONTINUE = NO;
				GCC_MODEL_TUNING = G5;
				GCC_PRECOMPILE_PREFIX_HEADER = YES;
				GCC_PREFIX_HEADER = TVShows_Prefix.pch;
				GCC_PREPROCESSOR_DEFINITIONS = HELPER_APP;
				INFOPLIST_FILE = "TVShowsHelper-Info.plist";
				INSTALL_PATH = "$(BUILD_DIR)/$(CONFIGURATION)";
				OTHER_CFLAGS = "";
				OTHER_LDFLAGS = (
					"-lstdc++",
					"-framework",
					Foundation,
					"-framework",
					AppKit,
				);
				PREBINDING = NO;
				PRODUCT_NAME = TVShowsHelper;
				ZERO_LINK = NO;
			};
			name = Release;
		};
/* End XCBuildConfiguration section */

/* Begin XCConfigurationList section */
		1DBD214808BA80EA00186707 /* Build configuration list for PBXNativeTarget "TVShows" */ = {
			isa = XCConfigurationList;
			buildConfigurations = (
				1DBD214908BA80EA00186707 /* Debug */,
				1DBD214A08BA80EA00186707 /* Release */,
			);
			defaultConfigurationIsVisible = 0;
			defaultConfigurationName = Release;
		};
		1DBD214C08BA80EA00186707 /* Build configuration list for PBXProject "TVShows" */ = {
			isa = XCConfigurationList;
			buildConfigurations = (
				1DBD214D08BA80EA00186707 /* Debug */,
				1DBD214E08BA80EA00186707 /* Release */,
			);
			defaultConfigurationIsVisible = 0;
			defaultConfigurationName = Release;
		};
		344672CF11C1742F0014C522 /* Build configuration list for PBXAggregateTarget "Preference Pane + Helper" */ = {
			isa = XCConfigurationList;
			buildConfigurations = (
				344672C311C173D50014C522 /* Debug */,
				344672C411C173D50014C522 /* Release */,
			);
			defaultConfigurationIsVisible = 0;
			defaultConfigurationName = Release;
		};
		34FBC5E611C0B3C3005D290B /* Build configuration list for PBXNativeTarget "TVShowsHelper" */ = {
			isa = XCConfigurationList;
			buildConfigurations = (
				34FBC5E411C0B3C3005D290B /* Debug */,
				34FBC5E511C0B3C3005D290B /* Release */,
			);
			defaultConfigurationIsVisible = 0;
			defaultConfigurationName = Release;
		};
/* End XCConfigurationList section */
	};
	rootObject = 089C1669FE841209C02AAC07 /* Project object */;
}
