// !$*UTF8*$!
{
	archiveVersion = 1;
	classes = {
	};
	objectVersion = 42;
	objects = {

/* Begin PBXBuildFile section */
		347EB90A10AF7E5100896FAC /* MainMenu.xib in Resources */ = {isa = PBXBuildFile; fileRef = 347EB90810AF7E5100896FAC /* MainMenu.xib */; };
		34B40C4F1069AAC800D6CE2F /* Sparkle.framework in CopyFiles */ = {isa = PBXBuildFile; fileRef = 34D40CEF1069A6AC00FAF8B4 /* Sparkle.framework */; };
		34C25FFF1078446300A5415B /* SUPublicDSAKeyFile.pem in Resources */ = {isa = PBXBuildFile; fileRef = 34C25FFE1078446300A5415B /* SUPublicDSAKeyFile.pem */; };
		34D40CF01069A6AC00FAF8B4 /* Sparkle.framework in Frameworks */ = {isa = PBXBuildFile; fileRef = 34D40CEF1069A6AC00FAF8B4 /* Sparkle.framework */; };
		5B1F7FF70BE22F9600B1094B /* Web.png in Resources */ = {isa = PBXBuildFile; fileRef = 5B1F7FF60BE22F9600B1094B /* Web.png */; };
		5B1F7FF90BE22FF600B1094B /* Clock.png in Resources */ = {isa = PBXBuildFile; fileRef = 5B1F7FF80BE22FF600B1094B /* Clock.png */; };
		5B2D9A240BE14F15003F9377 /* TVShowsScript in Resources */ = {isa = PBXBuildFile; fileRef = 5B376D900B9B35B600663E2A /* TVShowsScript */; };
		5B3557C70B9715E800080026 /* Helper.m in Sources */ = {isa = PBXBuildFile; fileRef = 5B3557C60B9715E800080026 /* Helper.m */; };
		5B5DF5020B97325600E847D5 /* ValueTransformers.m in Sources */ = {isa = PBXBuildFile; fileRef = 5B5DF5010B97325600E847D5 /* ValueTransformers.m */; };
		5B690A770BD945480041BF26 /* Credits.rtf in Resources */ = {isa = PBXBuildFile; fileRef = 5B52627A0BA0C4AC00FA11A4 /* Credits.rtf */; };
		5B690A780BD945530041BF26 /* Reload.png in Resources */ = {isa = PBXBuildFile; fileRef = 5B277F990BD4EA5700D39EAD /* Reload.png */; };
		5B690A790BD945530041BF26 /* TVShows.icns in Resources */ = {isa = PBXBuildFile; fileRef = 5BBC432F0BCF996000DEA4A7 /* TVShows.icns */; };
		5B690A7B0BD945530041BF26 /* Preferences.png in Resources */ = {isa = PBXBuildFile; fileRef = 5B287B340B95D53A00491D02 /* Preferences.png */; };
		5B690A7D0BD945530041BF26 /* Red.tif in Resources */ = {isa = PBXBuildFile; fileRef = 5B7FB09F0B8FB0E8006692A9 /* Red.tif */; };
		5B690A7E0BD945530041BF26 /* Green.tif in Resources */ = {isa = PBXBuildFile; fileRef = 5B7FB0A00B8FB0E8006692A9 /* Green.tif */; };
		5B690A7F0BD9455F0041BF26 /* UserDefaults.plist in Resources */ = {isa = PBXBuildFile; fileRef = 5B287EF70B95FB0800491D02 /* UserDefaults.plist */; };
		5B690A810BD9455F0041BF26 /* InfoPlist.strings in Resources */ = {isa = PBXBuildFile; fileRef = 089C165CFE840E0CC02AAC07 /* InfoPlist.strings */; };
		5B690A8B0BD945780041BF26 /* GetShowDetails.rb in Resources */ = {isa = PBXBuildFile; fileRef = 5B859FA70BA772320045E4BB /* GetShowDetails.rb */; };
		5B690A8C0BD9457B0041BF26 /* DownloadShowList.rb in Resources */ = {isa = PBXBuildFile; fileRef = 5B287B7D0B95D96500491D02 /* DownloadShowList.rb */; };
		5B690A8D0BD9457D0041BF26 /* GetLatestSeasonEpisodeForShow.rb in Resources */ = {isa = PBXBuildFile; fileRef = 5B2880370B9609A600491D02 /* GetLatestSeasonEpisodeForShow.rb */; };
		5B7FB0AD0B904ABF006692A9 /* Controller.m in Sources */ = {isa = PBXBuildFile; fileRef = 5B7FB0AC0B904ABF006692A9 /* Controller.m */; };
		5BD9367F0B972185007EBF80 /* TVTableView.m in Sources */ = {isa = PBXBuildFile; fileRef = 5BD9367E0B972185007EBF80 /* TVTableView.m */; };
		5BE3BC7C0BCE71A3003B6EAD /* Security.framework in Frameworks */ = {isa = PBXBuildFile; fileRef = 5BE3BC490BCE71A3003B6EAD /* Security.framework */; };
		8D11072D0486CEB800E47090 /* main.m in Sources */ = {isa = PBXBuildFile; fileRef = 29B97316FDCFA39411CA2CEA /* main.m */; settings = {ATTRIBUTES = (); }; };
		8D11072F0486CEB800E47090 /* Cocoa.framework in Frameworks */ = {isa = PBXBuildFile; fileRef = 1058C7A1FEA54F0111CA2CBB /* Cocoa.framework */; };
		DAEFA2AE10F68C5F00031F44 /* PFMoveApplication.m in Sources */ = {isa = PBXBuildFile; fileRef = DAEFA2AD10F68C5F00031F44 /* PFMoveApplication.m */; };
/* End PBXBuildFile section */

/* Begin PBXCopyFilesBuildPhase section */
		5B24323C0BC5394B00B3A95C /* CopyFiles */ = {
			isa = PBXCopyFilesBuildPhase;
			buildActionMask = 2147483647;
			dstPath = "";
			dstSubfolderSpec = 10;
			files = (
				34B40C4F1069AAC800D6CE2F /* Sparkle.framework in CopyFiles */,
			);
			runOnlyForDeploymentPostprocessing = 0;
		};
/* End PBXCopyFilesBuildPhase section */

/* Begin PBXFileReference section */
		089C165DFE840E0CC02AAC07 /* English */ = {isa = PBXFileReference; fileEncoding = 10; lastKnownFileType = text.plist.strings; name = English; path = English.lproj/InfoPlist.strings; sourceTree = "<group>"; };
		1058C7A1FEA54F0111CA2CBB /* Cocoa.framework */ = {isa = PBXFileReference; lastKnownFileType = wrapper.framework; name = Cocoa.framework; path = /System/Library/Frameworks/Cocoa.framework; sourceTree = "<absolute>"; };
		29B97316FDCFA39411CA2CEA /* main.m */ = {isa = PBXFileReference; fileEncoding = 4; lastKnownFileType = sourcecode.c.objc; path = main.m; sourceTree = "<group>"; };
		29B97324FDCFA39411CA2CEA /* AppKit.framework */ = {isa = PBXFileReference; lastKnownFileType = wrapper.framework; name = AppKit.framework; path = /System/Library/Frameworks/AppKit.framework; sourceTree = "<absolute>"; };
		347EB90910AF7E5100896FAC /* English */ = {isa = PBXFileReference; lastKnownFileType = file.xib; name = English; path = English.lproj/MainMenu.xib; sourceTree = "<group>"; };
		349C86FA10ADB78E001C5B83 /* Canceled.txt */ = {isa = PBXFileReference; fileEncoding = 4; lastKnownFileType = text; path = Canceled.txt; sourceTree = "<group>"; };
		349C86FB10ADB78E001C5B83 /* Misnamed.txt */ = {isa = PBXFileReference; fileEncoding = 4; lastKnownFileType = text; path = Misnamed.txt; sourceTree = "<group>"; };
		349EBA09106FFC970095711A /* ROADMAP */ = {isa = PBXFileReference; fileEncoding = 4; lastKnownFileType = text; name = ROADMAP; path = ../ROADMAP; sourceTree = SOURCE_ROOT; };
		349EBA0B106FFC9C0095711A /* NEWS */ = {isa = PBXFileReference; fileEncoding = 4; lastKnownFileType = text; name = NEWS; path = ../NEWS; sourceTree = SOURCE_ROOT; };
		34C25FFE1078446300A5415B /* SUPublicDSAKeyFile.pem */ = {isa = PBXFileReference; fileEncoding = 4; lastKnownFileType = text; path = SUPublicDSAKeyFile.pem; sourceTree = "<group>"; };
		34D40CEF1069A6AC00FAF8B4 /* Sparkle.framework */ = {isa = PBXFileReference; lastKnownFileType = wrapper.framework; path = Sparkle.framework; sourceTree = "<group>"; };
		34FA8CA2106C7D7B00FD2929 /* TVShows.app */ = {isa = PBXFileReference; explicitFileType = wrapper.application; includeInIndex = 0; path = TVShows.app; sourceTree = BUILT_PRODUCTS_DIR; };
		5B1F7FF60BE22F9600B1094B /* Web.png */ = {isa = PBXFileReference; lastKnownFileType = image.png; path = Web.png; sourceTree = "<group>"; };
		5B1F7FF80BE22FF600B1094B /* Clock.png */ = {isa = PBXFileReference; lastKnownFileType = image.png; path = Clock.png; sourceTree = "<group>"; };
		5B277F990BD4EA5700D39EAD /* Reload.png */ = {isa = PBXFileReference; lastKnownFileType = image.png; path = Reload.png; sourceTree = "<group>"; };
		5B287B340B95D53A00491D02 /* Preferences.png */ = {isa = PBXFileReference; lastKnownFileType = image.png; path = Preferences.png; sourceTree = "<group>"; };
		5B287B7D0B95D96500491D02 /* DownloadShowList.rb */ = {isa = PBXFileReference; fileEncoding = 4; lastKnownFileType = text.script.ruby; path = DownloadShowList.rb; sourceTree = "<group>"; };
		5B287EF70B95FB0800491D02 /* UserDefaults.plist */ = {isa = PBXFileReference; fileEncoding = 4; lastKnownFileType = text.plist.xml; path = UserDefaults.plist; sourceTree = "<group>"; };
		5B2880370B9609A600491D02 /* GetLatestSeasonEpisodeForShow.rb */ = {isa = PBXFileReference; fileEncoding = 4; lastKnownFileType = text.script.ruby; path = GetLatestSeasonEpisodeForShow.rb; sourceTree = "<group>"; };
		5B3557C50B9715E800080026 /* Helper.h */ = {isa = PBXFileReference; fileEncoding = 4; lastKnownFileType = sourcecode.c.h; path = Helper.h; sourceTree = "<group>"; };
		5B3557C60B9715E800080026 /* Helper.m */ = {isa = PBXFileReference; fileEncoding = 4; lastKnownFileType = sourcecode.c.objc; path = Helper.m; sourceTree = "<group>"; };
		5B376D900B9B35B600663E2A /* TVShowsScript */ = {isa = PBXFileReference; lastKnownFileType = folder; path = TVShowsScript; sourceTree = "<group>"; };
		5B52627A0BA0C4AC00FA11A4 /* Credits.rtf */ = {isa = PBXFileReference; lastKnownFileType = text.rtf; path = Credits.rtf; sourceTree = "<group>"; };
		5B5DF4E60B9731C200E847D5 /* ValueTransformers.h */ = {isa = PBXFileReference; fileEncoding = 4; lastKnownFileType = sourcecode.c.h; path = ValueTransformers.h; sourceTree = "<group>"; };
		5B5DF5010B97325600E847D5 /* ValueTransformers.m */ = {isa = PBXFileReference; fileEncoding = 4; lastKnownFileType = sourcecode.c.objc; path = ValueTransformers.m; sourceTree = "<group>"; };
		5B7FB09F0B8FB0E8006692A9 /* Red.tif */ = {isa = PBXFileReference; lastKnownFileType = image.tiff; path = Red.tif; sourceTree = "<group>"; };
		5B7FB0A00B8FB0E8006692A9 /* Green.tif */ = {isa = PBXFileReference; lastKnownFileType = image.tiff; path = Green.tif; sourceTree = "<group>"; };
		5B7FB0AB0B904ABF006692A9 /* Controller.h */ = {isa = PBXFileReference; fileEncoding = 4; lastKnownFileType = sourcecode.c.h; path = Controller.h; sourceTree = "<group>"; };
		5B7FB0AC0B904ABF006692A9 /* Controller.m */ = {isa = PBXFileReference; fileEncoding = 4; lastKnownFileType = sourcecode.c.objc; path = Controller.m; sourceTree = "<group>"; wrapsLines = 0; };
		5B859FA70BA772320045E4BB /* GetShowDetails.rb */ = {isa = PBXFileReference; fileEncoding = 4; lastKnownFileType = text.script.ruby; path = GetShowDetails.rb; sourceTree = "<group>"; };
		5BBC432F0BCF996000DEA4A7 /* TVShows.icns */ = {isa = PBXFileReference; lastKnownFileType = image.icns; path = TVShows.icns; sourceTree = "<group>"; };
		5BBC437F0BCFA25800DEA4A7 /* COPYING */ = {isa = PBXFileReference; fileEncoding = 4; lastKnownFileType = text; path = COPYING; sourceTree = "<group>"; };
		5BD935DC0B9717F4007EBF80 /* tvshows_Prefix.pch */ = {isa = PBXFileReference; fileEncoding = 4; lastKnownFileType = sourcecode.c.h; path = tvshows_Prefix.pch; sourceTree = "<group>"; };
		5BD9367D0B972185007EBF80 /* TVTableView.h */ = {isa = PBXFileReference; fileEncoding = 4; lastKnownFileType = sourcecode.c.h; path = TVTableView.h; sourceTree = "<group>"; };
		5BD9367E0B972185007EBF80 /* TVTableView.m */ = {isa = PBXFileReference; fileEncoding = 4; lastKnownFileType = sourcecode.c.objc; path = TVTableView.m; sourceTree = "<group>"; };
		5BE3BC490BCE71A3003B6EAD /* Security.framework */ = {isa = PBXFileReference; lastKnownFileType = wrapper.framework; name = Security.framework; path = /System/Library/Frameworks/Security.framework; sourceTree = "<absolute>"; };
		8D1107310486CEB800E47090 /* Info.plist */ = {isa = PBXFileReference; fileEncoding = 4; lastKnownFileType = text.plist; path = Info.plist; sourceTree = "<group>"; };
		DAEFA2AC10F68C5F00031F44 /* PFMoveApplication.h */ = {isa = PBXFileReference; fileEncoding = 4; lastKnownFileType = sourcecode.c.h; path = PFMoveApplication.h; sourceTree = "<group>"; };
		DAEFA2AD10F68C5F00031F44 /* PFMoveApplication.m */ = {isa = PBXFileReference; fileEncoding = 4; lastKnownFileType = sourcecode.c.objc; path = PFMoveApplication.m; sourceTree = "<group>"; };
/* End PBXFileReference section */

/* Begin PBXFrameworksBuildPhase section */
		8D11072E0486CEB800E47090 /* Frameworks */ = {
			isa = PBXFrameworksBuildPhase;
			buildActionMask = 2147483647;
			files = (
				8D11072F0486CEB800E47090 /* Cocoa.framework in Frameworks */,
				5BE3BC7C0BCE71A3003B6EAD /* Security.framework in Frameworks */,
				34D40CF01069A6AC00FAF8B4 /* Sparkle.framework in Frameworks */,
			);
			runOnlyForDeploymentPostprocessing = 0;
		};
/* End PBXFrameworksBuildPhase section */

/* Begin PBXGroup section */
		080E96DDFE201D6D7F000001 /* Classes */ = {
			isa = PBXGroup;
			children = (
				5B7FB0AB0B904ABF006692A9 /* Controller.h */,
				5B7FB0AC0B904ABF006692A9 /* Controller.m */,
				5B5DF4E60B9731C200E847D5 /* ValueTransformers.h */,
				5B5DF5010B97325600E847D5 /* ValueTransformers.m */,
				5B3557C50B9715E800080026 /* Helper.h */,
				5B3557C60B9715E800080026 /* Helper.m */,
				5BD9367D0B972185007EBF80 /* TVTableView.h */,
				5BD9367E0B972185007EBF80 /* TVTableView.m */,
			);
			name = Classes;
			sourceTree = "<group>";
		};
		19C28FACFE9D520D11CA2CBB /* Products */ = {
			isa = PBXGroup;
			children = (
				34FA8CA2106C7D7B00FD2929 /* TVShows.app */,
			);
			name = Products;
			sourceTree = "<group>";
		};
		29B97314FDCFA39411CA2CEA /* tvrss */ = {
			isa = PBXGroup;
			children = (
				349EBA0B106FFC9C0095711A /* NEWS */,
				349EBA09106FFC970095711A /* ROADMAP */,
				5BBC437F0BCFA25800DEA4A7 /* COPYING */,
				080E96DDFE201D6D7F000001 /* Classes */,
				29B97315FDCFA39411CA2CEA /* Other Sources */,
				29B97317FDCFA39411CA2CEA /* Resources */,
				29B97323FDCFA39411CA2CEA /* Frameworks */,
				19C28FACFE9D520D11CA2CBB /* Products */,
			);
			name = tvrss;
			sourceTree = "<group>";
		};
		29B97315FDCFA39411CA2CEA /* Other Sources */ = {
			isa = PBXGroup;
			children = (
				DAEFA2AB10F68C1700031F44 /* Move Application */,
				5B287B7D0B95D96500491D02 /* DownloadShowList.rb */,
				5B2880370B9609A600491D02 /* GetLatestSeasonEpisodeForShow.rb */,
				5B859FA70BA772320045E4BB /* GetShowDetails.rb */,
				5BD935DC0B9717F4007EBF80 /* tvshows_Prefix.pch */,
				29B97316FDCFA39411CA2CEA /* main.m */,
			);
			name = "Other Sources";
			sourceTree = "<group>";
		};
		29B97317FDCFA39411CA2CEA /* Resources */ = {
			isa = PBXGroup;
			children = (
				349C86F910ADB78E001C5B83 /* Blocklists */,
				5BE3B9940BCE4177003B6EAD /* Graphics */,
				5B376D900B9B35B600663E2A /* TVShowsScript */,
				5B52627A0BA0C4AC00FA11A4 /* Credits.rtf */,
				5B287EF70B95FB0800491D02 /* UserDefaults.plist */,
				8D1107310486CEB800E47090 /* Info.plist */,
				089C165CFE840E0CC02AAC07 /* InfoPlist.strings */,
				347EB90810AF7E5100896FAC /* MainMenu.xib */,
				34C25FFE1078446300A5415B /* SUPublicDSAKeyFile.pem */,
			);
			name = Resources;
			sourceTree = "<group>";
		};
		29B97323FDCFA39411CA2CEA /* Frameworks */ = {
			isa = PBXGroup;
			children = (
				34D40CEF1069A6AC00FAF8B4 /* Sparkle.framework */,
				5BE3BC490BCE71A3003B6EAD /* Security.framework */,
				29B97324FDCFA39411CA2CEA /* AppKit.framework */,
				1058C7A1FEA54F0111CA2CBB /* Cocoa.framework */,
			);
			name = Frameworks;
			sourceTree = "<group>";
		};
		349C86F910ADB78E001C5B83 /* Blocklists */ = {
			isa = PBXGroup;
			children = (
				349C86FA10ADB78E001C5B83 /* Canceled.txt */,
				349C86FB10ADB78E001C5B83 /* Misnamed.txt */,
			);
			path = Blocklists;
			sourceTree = "<group>";
		};
		5BE3B9940BCE4177003B6EAD /* Graphics */ = {
			isa = PBXGroup;
			children = (
				5B1F7FF80BE22FF600B1094B /* Clock.png */,
				5B1F7FF60BE22F9600B1094B /* Web.png */,
				5B277F990BD4EA5700D39EAD /* Reload.png */,
				5BBC432F0BCF996000DEA4A7 /* TVShows.icns */,
				5B287B340B95D53A00491D02 /* Preferences.png */,
				5B7FB09F0B8FB0E8006692A9 /* Red.tif */,
				5B7FB0A00B8FB0E8006692A9 /* Green.tif */,
			);
			name = Graphics;
			sourceTree = "<group>";
		};
		DAEFA2AB10F68C1700031F44 /* Move Application */ = {
			isa = PBXGroup;
			children = (
				DAEFA2AC10F68C5F00031F44 /* PFMoveApplication.h */,
				DAEFA2AD10F68C5F00031F44 /* PFMoveApplication.m */,
			);
			name = "Move Application";
			sourceTree = "<group>";
		};
/* End PBXGroup section */

/* Begin PBXNativeTarget section */
		8D1107260486CEB800E47090 /* TVShows */ = {
			isa = PBXNativeTarget;
			buildConfigurationList = C01FCF4A08A954540054247B /* Build configuration list for PBXNativeTarget "TVShows" */;
			buildPhases = (
				5B690A750BD9452D0041BF26 /* Resources */,
				8D11072C0486CEB800E47090 /* Sources */,
				8D11072E0486CEB800E47090 /* Frameworks */,
				5B24323C0BC5394B00B3A95C /* CopyFiles */,
				5B240B3E0BC40F140081A28E /* ShellScript */,
			);
			buildRules = (
			);
			dependencies = (
			);
			name = TVShows;
			productInstallPath = "$(HOME)/Applications";
			productName = tvrss;
			productReference = 34FA8CA2106C7D7B00FD2929 /* TVShows.app */;
			productType = "com.apple.product-type.application";
		};
/* End PBXNativeTarget section */

/* Begin PBXProject section */
		29B97313FDCFA39411CA2CEA /* Project object */ = {
			isa = PBXProject;
			attributes = {
				BuildIndependentTargetsInParallel = NO;
			};
			buildConfigurationList = C01FCF4E08A954540054247B /* Build configuration list for PBXProject "TVShows" */;
			compatibilityVersion = "Xcode 2.4";
			hasScannedForEncodings = 1;
			mainGroup = 29B97314FDCFA39411CA2CEA /* tvrss */;
			projectDirPath = "";
			projectRoot = "";
			targets = (
				8D1107260486CEB800E47090 /* TVShows */,
			);
		};
/* End PBXProject section */

/* Begin PBXResourcesBuildPhase section */
		5B690A750BD9452D0041BF26 /* Resources */ = {
			isa = PBXResourcesBuildPhase;
			buildActionMask = 2147483647;
			files = (
				5B2D9A240BE14F15003F9377 /* TVShowsScript in Resources */,
				5B690A8B0BD945780041BF26 /* GetShowDetails.rb in Resources */,
				5B690A8D0BD9457D0041BF26 /* GetLatestSeasonEpisodeForShow.rb in Resources */,
				5B690A8C0BD9457B0041BF26 /* DownloadShowList.rb in Resources */,
				5B690A7F0BD9455F0041BF26 /* UserDefaults.plist in Resources */,
				5B690A810BD9455F0041BF26 /* InfoPlist.strings in Resources */,
				5B690A780BD945530041BF26 /* Reload.png in Resources */,
				5B690A790BD945530041BF26 /* TVShows.icns in Resources */,
				5B690A7B0BD945530041BF26 /* Preferences.png in Resources */,
				5B690A7D0BD945530041BF26 /* Red.tif in Resources */,
				5B690A7E0BD945530041BF26 /* Green.tif in Resources */,
				5B690A770BD945480041BF26 /* Credits.rtf in Resources */,
				5B1F7FF70BE22F9600B1094B /* Web.png in Resources */,
				5B1F7FF90BE22FF600B1094B /* Clock.png in Resources */,
				34C25FFF1078446300A5415B /* SUPublicDSAKeyFile.pem in Resources */,
				347EB90A10AF7E5100896FAC /* MainMenu.xib in Resources */,
			);
			runOnlyForDeploymentPostprocessing = 0;
		};
/* End PBXResourcesBuildPhase section */

/* Begin PBXShellScriptBuildPhase section */
		5B240B3E0BC40F140081A28E /* ShellScript */ = {
			isa = PBXShellScriptBuildPhase;
			buildActionMask = 12;
			files = (
			);
			inputPaths = (
			);
			outputPaths = (
			);
			runOnlyForDeploymentPostprocessing = 0;
			shellPath = /usr/bin/ruby;
			shellScript = "if ENV[\"CONFIGURATION\"] == \"Release\" then\n\tfolder = \"#{ENV[\"TARGET_BUILD_DIR\"]}\"\n\tfile = \"#{ENV[\"TARGET_NAME\"]}_#{ENV[\"CURRENT_BUNDLE_SHORT\"]}.zip\"\n\tappname = \"#{ENV[\"TARGET_NAME\"]}_#{ENV[\"CURRENT_BUNDLE_SHORT\"]}\"\n\tuninstaller = \"#{ENV[\"PROJECT_DIR\"]}/../utils/Uninstall TVShows.app\"\n\tpath = File.join(folder,file)\n\n#\t`mv \"#{folder}/TVShows\" ~/.Trash`\n#\t`mv #{folder}/*.zip ~/.Trash`\n#\t`mv #{folder}/appcast.xml ~/.Trash`\n\t`mkdir \"#{folder}/#{appname}\"`\n\t`cp -r \"#{uninstaller}\" \"#{folder}/#{appname}\"`\n\t`mv \"#{folder}/#{ENV[\"FULL_PRODUCT_NAME\"]}\" \"#{folder}/#{appname}/\"`\n\t`cd \"#{folder}\" && zip -qr \"#{file}\" #{appname}`\n\tkey = `openssl dgst -sha1 -binary < \"#{path}\" | openssl dgst -dss1 -sign \"#{File.join(\"#{ENV[\"PROJECT_DIR\"]}\",\"..\",\"appcast\",\"dsa_priv.pem\")}\" | openssl enc -base64`\n\tkey = key.split(\"\\n\").first\n\tFile.open(\"#{folder}/appcast.xml\", \"w\") { |f|\n\t\tf << \"<item>\\n\"\n\t\tf << \"\\t<title>TVShows #{ENV[\"CURRENT_BUNDLE_SHORT\"]}</title>\\n\"\n\t\tf << \"\\t<pubDate>#{Time.now}</pubDate>\\n\"\n\t\tf << \"\\t<enclosure sparkle:version=\\\"#{ENV[\"CURRENT_PROJECT_VERSION\"]}\\\" sparkle:shortVersionString=\\\"#{ENV[\"CURRENT_BUNDLE_SHORT\"]}\\\" sparkle:dsaSignature=\\\"#{key}\\\" url=\\\"http://deathtobunnies.com/tvshows/releases/#{file}\\\" length=\\\"#{File.size(path)}\\\" type=\\\"application/octet-stream\\\"/>\\n\"\n\t\tf << \"\\t<description><![CDATA[<h3 style=\\\"font-weight:bold;\\\">TVShows #{ENV[\"CURRENT_BUNDLE_SHORT\"]}</h3>\\n\"\n\t\tf << \"\\t\\t<br />\\n\"\n\t\tf << \"\\t\\t<h3>Changes:</h3>\\n\"\n\t\tf << \"\\t\\t<ul>\\n\"\n\t\tf << \"\\t\\t\\t<li></li>\\n\"\n\t\tf << \"\\t\\t\\t<li></li>\\n\"\n\t\tf << \"\\t\\t\\t<li></li>\\n\"\n\t\tf << \"\\t\\t</ul>\\n\\t]]></description>\\n\"\n\t\tf << \"</item>\"\n\t}\nend";
		};
/* End PBXShellScriptBuildPhase section */

/* Begin PBXSourcesBuildPhase section */
		8D11072C0486CEB800E47090 /* Sources */ = {
			isa = PBXSourcesBuildPhase;
			buildActionMask = 2147483647;
			files = (
				8D11072D0486CEB800E47090 /* main.m in Sources */,
				5B7FB0AD0B904ABF006692A9 /* Controller.m in Sources */,
				5B3557C70B9715E800080026 /* Helper.m in Sources */,
				5BD9367F0B972185007EBF80 /* TVTableView.m in Sources */,
				5B5DF5020B97325600E847D5 /* ValueTransformers.m in Sources */,
				DAEFA2AE10F68C5F00031F44 /* PFMoveApplication.m in Sources */,
			);
			runOnlyForDeploymentPostprocessing = 0;
		};
/* End PBXSourcesBuildPhase section */

/* Begin PBXVariantGroup section */
		089C165CFE840E0CC02AAC07 /* InfoPlist.strings */ = {
			isa = PBXVariantGroup;
			children = (
				089C165DFE840E0CC02AAC07 /* English */,
			);
			name = InfoPlist.strings;
			sourceTree = "<group>";
		};
		347EB90810AF7E5100896FAC /* MainMenu.xib */ = {
			isa = PBXVariantGroup;
			children = (
				347EB90910AF7E5100896FAC /* English */,
			);
			name = MainMenu.xib;
			sourceTree = "<group>";
		};
/* End PBXVariantGroup section */

/* Begin XCBuildConfiguration section */
		C01FCF4B08A954540054247B /* Debug */ = {
			isa = XCBuildConfiguration;
			buildSettings = {
				COPY_PHASE_STRIP = NO;
				FRAMEWORK_SEARCH_PATHS = (
					"$(inherited)",
					"$(FRAMEWORK_SEARCH_PATHS_QUOTED_1)",
					"$(FRAMEWORK_SEARCH_PATHS_QUOTED_2)",
					"$(FRAMEWORK_SEARCH_PATHS_QUOTED_1)",
					"$(FRAMEWORK_SEARCH_PATHS_QUOTED_FOR_TARGET_1)",
					"$(FRAMEWORK_SEARCH_PATHS_QUOTED_FOR_TARGET_2)",
					"$(FRAMEWORK_SEARCH_PATHS_QUOTED_FOR_TARGET_3)",
					"$(FRAMEWORK_SEARCH_PATHS_QUOTED_FOR_TARGET_4)",
					"$(FRAMEWORK_SEARCH_PATHS_QUOTED_FOR_TARGET_5)",
				);
				FRAMEWORK_SEARCH_PATHS_QUOTED_1 = "\"$(SRCROOT)\"";
				FRAMEWORK_SEARCH_PATHS_QUOTED_FOR_TARGET_1 = "\"$(SRCROOT)\"";
				FRAMEWORK_SEARCH_PATHS_QUOTED_FOR_TARGET_2 = "\"$(SRCROOT)\"";
				FRAMEWORK_SEARCH_PATHS_QUOTED_FOR_TARGET_3 = "\"$(SRCROOT)/../../../Library/Frameworks\"";
				FRAMEWORK_SEARCH_PATHS_QUOTED_FOR_TARGET_4 = "\"$(SRCROOT)/../../../Library/Frameworks\"";
				FRAMEWORK_SEARCH_PATHS_QUOTED_FOR_TARGET_5 = "\"$(SRCROOT)/../../../Library/Frameworks\"";
				GCC_DYNAMIC_NO_PIC = NO;
				GCC_ENABLE_FIX_AND_CONTINUE = YES;
				GCC_MODEL_TUNING = G5;
				GCC_OPTIMIZATION_LEVEL = 0;
				GCC_VERSION = 4.0;
				INFOPLIST_FILE = Info.plist;
				INSTALL_PATH = "$(HOME)/Applications";
				OTHER_LDFLAGS = "";
				PRODUCT_NAME = TVShows;
				WRAPPER_EXTENSION = app;
				ZERO_LINK = NO;
			};
			name = Debug;
		};
		C01FCF4C08A954540054247B /* Release */ = {
			isa = XCBuildConfiguration;
			buildSettings = {
				ARCHS = (
					ppc,
					i386,
				);
				FRAMEWORK_SEARCH_PATHS = (
					"$(inherited)",
					"$(FRAMEWORK_SEARCH_PATHS_QUOTED_1)",
					"$(FRAMEWORK_SEARCH_PATHS_QUOTED_2)",
					"$(FRAMEWORK_SEARCH_PATHS_QUOTED_1)",
					"$(FRAMEWORK_SEARCH_PATHS_QUOTED_FOR_TARGET_1)",
					"$(FRAMEWORK_SEARCH_PATHS_QUOTED_FOR_TARGET_2)",
					"$(FRAMEWORK_SEARCH_PATHS_QUOTED_FOR_TARGET_3)",
					"$(FRAMEWORK_SEARCH_PATHS_QUOTED_FOR_TARGET_4)",
					"$(FRAMEWORK_SEARCH_PATHS_QUOTED_FOR_TARGET_5)",
				);
				FRAMEWORK_SEARCH_PATHS_QUOTED_1 = "\"$(SRCROOT)\"";
				FRAMEWORK_SEARCH_PATHS_QUOTED_FOR_TARGET_1 = "\"$(SRCROOT)\"";
				FRAMEWORK_SEARCH_PATHS_QUOTED_FOR_TARGET_2 = "\"$(SRCROOT)\"";
				FRAMEWORK_SEARCH_PATHS_QUOTED_FOR_TARGET_3 = "\"$(SRCROOT)/../../../Library/Frameworks\"";
				FRAMEWORK_SEARCH_PATHS_QUOTED_FOR_TARGET_4 = "\"$(SRCROOT)/../../../Library/Frameworks\"";
				FRAMEWORK_SEARCH_PATHS_QUOTED_FOR_TARGET_5 = "\"$(SRCROOT)/../../../Library/Frameworks\"";
				GCC_GENERATE_DEBUGGING_SYMBOLS = NO;
				GCC_MODEL_TUNING = G5;
				GCC_VERSION = 4.0;
				INFOPLIST_FILE = Info.plist;
				INSTALL_PATH = "$(HOME)/Applications";
				OTHER_LDFLAGS = "";
				PRODUCT_NAME = TVShows;
				WRAPPER_EXTENSION = app;
			};
			name = Release;
		};
		C01FCF4F08A954540054247B /* Debug */ = {
			isa = XCBuildConfiguration;
			buildSettings = {
				CURRENT_BUNDLE_SHORT = 0.4.5b2;
				CURRENT_PROJECT_VERSION = 086;
				GCC_PREPROCESSOR_DEFINITIONS = DEBUG;
				GCC_WARN_ABOUT_RETURN_TYPE = YES;
				GCC_WARN_UNUSED_VARIABLE = YES;
				PREBINDING = NO;
				SDKROOT = /Developer/SDKs/MacOSX10.4u.sdk;
				VERSIONING_SYSTEM = "apple-generic";
			};
			name = Debug;
		};
		C01FCF5008A954540054247B /* Release */ = {
			isa = XCBuildConfiguration;
			buildSettings = {
				CURRENT_BUNDLE_SHORT = 0.4.5b2;
				CURRENT_PROJECT_VERSION = 086;
				GCC_WARN_ABOUT_RETURN_TYPE = YES;
				GCC_WARN_UNUSED_VARIABLE = YES;
				PREBINDING = NO;
				SDKROOT = /Developer/SDKs/MacOSX10.4u.sdk;
				VERSIONING_SYSTEM = "apple-generic";
			};
			name = Release;
		};
/* End XCBuildConfiguration section */

/* Begin XCConfigurationList section */
		C01FCF4A08A954540054247B /* Build configuration list for PBXNativeTarget "TVShows" */ = {
			isa = XCConfigurationList;
			buildConfigurations = (
				C01FCF4B08A954540054247B /* Debug */,
				C01FCF4C08A954540054247B /* Release */,
			);
			defaultConfigurationIsVisible = 0;
			defaultConfigurationName = Release;
		};
		C01FCF4E08A954540054247B /* Build configuration list for PBXProject "TVShows" */ = {
			isa = XCConfigurationList;
			buildConfigurations = (
				C01FCF4F08A954540054247B /* Debug */,
				C01FCF5008A954540054247B /* Release */,
			);
			defaultConfigurationIsVisible = 0;
			defaultConfigurationName = Release;
		};
/* End XCConfigurationList section */
	};
	rootObject = 29B97313FDCFA39411CA2CEA /* Project object */;
}
